// !$*UTF8*$!
{
	archiveVersion = 1;
	classes = {
	};
	objectVersion = 46;
	objects = {

/* Begin PBXBuildFile section */
		344E48EB1B6C5D3C0007353C /* DownloadViewController.m in Sources */ = {isa = PBXBuildFile; fileRef = 344E48E91B6C5D3C0007353C /* DownloadViewController.m */; };
		344E48EC1B6C5D3C0007353C /* DownloadViewController.xib in Resources */ = {isa = PBXBuildFile; fileRef = 344E48EA1B6C5D3C0007353C /* DownloadViewController.xib */; };
		344E48EF1B6C5FC90007353C /* iCarousel.m in Sources */ = {isa = PBXBuildFile; fileRef = 344E48EE1B6C5FC90007353C /* iCarousel.m */; };
		344E48F51B6C79120007353C /* image.png in Resources */ = {isa = PBXBuildFile; fileRef = 344E48F41B6C79120007353C /* image.png */; };
		344E48FE1B6CA1450007353C /* LBorderView.m in Sources */ = {isa = PBXBuildFile; fileRef = 344E48FD1B6CA1450007353C /* LBorderView.m */; };
		344E49051B6CCD860007353C /* WaterFlowLayout.m in Sources */ = {isa = PBXBuildFile; fileRef = 344E49041B6CCD860007353C /* WaterFlowLayout.m */; };
		344E49091B6CCDC50007353C /* WeaterFlowCell.m in Sources */ = {isa = PBXBuildFile; fileRef = 344E49081B6CCDC50007353C /* WeaterFlowCell.m */; };
		344E490C1B6CDE2D0007353C /* WaterFlowViewController.m in Sources */ = {isa = PBXBuildFile; fileRef = 344E490B1B6CDE2D0007353C /* WaterFlowViewController.m */; };
		346286AF1B6F798200DF9725 /* Movie.m in Sources */ = {isa = PBXBuildFile; fileRef = 346286AE1B6F798200DF9725 /* Movie.m */; };
		3478588A1B68AD560034696F /* AVPalyerView.m in Sources */ = {isa = PBXBuildFile; fileRef = 347858891B68AD560034696F /* AVPalyerView.m */; };
		347858CB1B69D6D10034696F /* MBProgressHUD.m in Sources */ = {isa = PBXBuildFile; fileRef = 347858CA1B69D6D10034696F /* MBProgressHUD.m */; };
		347DADA81B6764D100E2C318 /* VideoTVC.m in Sources */ = {isa = PBXBuildFile; fileRef = 347DADA71B6764D100E2C318 /* VideoTVC.m */; };
		347DADAB1B6764E800E2C318 /* VideoCell.m in Sources */ = {isa = PBXBuildFile; fileRef = 347DADAA1B6764E800E2C318 /* VideoCell.m */; };
		347DADAE1B67650000E2C318 /* VideoModel.m in Sources */ = {isa = PBXBuildFile; fileRef = 347DADAD1B67650000E2C318 /* VideoModel.m */; };
		348903921B65D263002B9B72 /* JokeCell.m in Sources */ = {isa = PBXBuildFile; fileRef = 348903911B65D263002B9B72 /* JokeCell.m */; };
		348903B21B65D921002B9B72 /* JokeModel.m in Sources */ = {isa = PBXBuildFile; fileRef = 348903B11B65D921002B9B72 /* JokeModel.m */; };
		348903C71B65DD34002B9B72 /* AFHTTPRequestOperation.m in Sources */ = {isa = PBXBuildFile; fileRef = 348903B51B65DD34002B9B72 /* AFHTTPRequestOperation.m */; };
		348903C81B65DD34002B9B72 /* AFHTTPRequestOperationManager.m in Sources */ = {isa = PBXBuildFile; fileRef = 348903B71B65DD34002B9B72 /* AFHTTPRequestOperationManager.m */; };
		348903C91B65DD34002B9B72 /* AFHTTPSessionManager.m in Sources */ = {isa = PBXBuildFile; fileRef = 348903B91B65DD34002B9B72 /* AFHTTPSessionManager.m */; };
		348903CA1B65DD34002B9B72 /* AFNetworkReachabilityManager.m in Sources */ = {isa = PBXBuildFile; fileRef = 348903BC1B65DD34002B9B72 /* AFNetworkReachabilityManager.m */; };
		348903CB1B65DD34002B9B72 /* AFSecurityPolicy.m in Sources */ = {isa = PBXBuildFile; fileRef = 348903BE1B65DD34002B9B72 /* AFSecurityPolicy.m */; };
		348903CC1B65DD34002B9B72 /* AFURLConnectionOperation.m in Sources */ = {isa = PBXBuildFile; fileRef = 348903C01B65DD34002B9B72 /* AFURLConnectionOperation.m */; };
		348903CD1B65DD34002B9B72 /* AFURLRequestSerialization.m in Sources */ = {isa = PBXBuildFile; fileRef = 348903C21B65DD34002B9B72 /* AFURLRequestSerialization.m */; };
		348903CE1B65DD34002B9B72 /* AFURLResponseSerialization.m in Sources */ = {isa = PBXBuildFile; fileRef = 348903C41B65DD34002B9B72 /* AFURLResponseSerialization.m */; };
		348903CF1B65DD34002B9B72 /* AFURLSessionManager.m in Sources */ = {isa = PBXBuildFile; fileRef = 348903C61B65DD34002B9B72 /* AFURLSessionManager.m */; };
		348904041B660DAC002B9B72 /* LinesLabel.m in Sources */ = {isa = PBXBuildFile; fileRef = 348904031B660DAC002B9B72 /* LinesLabel.m */; };
		348904071B662014002B9B72 /* AnimationButton.m in Sources */ = {isa = PBXBuildFile; fileRef = 348904061B662014002B9B72 /* AnimationButton.m */; };
		3489040B1B6620CD002B9B72 /* MCFireworksView.m in Sources */ = {isa = PBXBuildFile; fileRef = 3489040A1B6620CD002B9B72 /* MCFireworksView.m */; };
		348904391B664B3D002B9B72 /* MJRefreshAutoFooter.m in Sources */ = {isa = PBXBuildFile; fileRef = 3489040F1B664B3D002B9B72 /* MJRefreshAutoFooter.m */; };
		3489043A1B664B3D002B9B72 /* MJRefreshBackFooter.m in Sources */ = {isa = PBXBuildFile; fileRef = 348904111B664B3D002B9B72 /* MJRefreshBackFooter.m */; };
		3489043B1B664B3D002B9B72 /* MJRefreshComponent.m in Sources */ = {isa = PBXBuildFile; fileRef = 348904131B664B3D002B9B72 /* MJRefreshComponent.m */; };
		3489043C1B664B3D002B9B72 /* MJRefreshFooter.m in Sources */ = {isa = PBXBuildFile; fileRef = 348904151B664B3D002B9B72 /* MJRefreshFooter.m */; };
		3489043D1B664B3D002B9B72 /* MJRefreshHeader.m in Sources */ = {isa = PBXBuildFile; fileRef = 348904171B664B3D002B9B72 /* MJRefreshHeader.m */; };
		3489043E1B664B3D002B9B72 /* MJRefreshAutoGifFooter.m in Sources */ = {isa = PBXBuildFile; fileRef = 3489041C1B664B3D002B9B72 /* MJRefreshAutoGifFooter.m */; };
		3489043F1B664B3D002B9B72 /* MJRefreshAutoNormalFooter.m in Sources */ = {isa = PBXBuildFile; fileRef = 3489041E1B664B3D002B9B72 /* MJRefreshAutoNormalFooter.m */; };
		348904401B664B3D002B9B72 /* MJRefreshAutoStateFooter.m in Sources */ = {isa = PBXBuildFile; fileRef = 348904201B664B3D002B9B72 /* MJRefreshAutoStateFooter.m */; };
		348904411B664B3D002B9B72 /* MJRefreshBackGifFooter.m in Sources */ = {isa = PBXBuildFile; fileRef = 348904231B664B3D002B9B72 /* MJRefreshBackGifFooter.m */; };
		348904421B664B3D002B9B72 /* MJRefreshBackNormalFooter.m in Sources */ = {isa = PBXBuildFile; fileRef = 348904251B664B3D002B9B72 /* MJRefreshBackNormalFooter.m */; };
		348904431B664B3D002B9B72 /* MJRefreshBackStateFooter.m in Sources */ = {isa = PBXBuildFile; fileRef = 348904271B664B3D002B9B72 /* MJRefreshBackStateFooter.m */; };
		348904441B664B3D002B9B72 /* MJRefreshGifHeader.m in Sources */ = {isa = PBXBuildFile; fileRef = 3489042A1B664B3D002B9B72 /* MJRefreshGifHeader.m */; };
		348904451B664B3D002B9B72 /* MJRefreshNormalHeader.m in Sources */ = {isa = PBXBuildFile; fileRef = 3489042C1B664B3D002B9B72 /* MJRefreshNormalHeader.m */; };
		348904461B664B3D002B9B72 /* MJRefreshStateHeader.m in Sources */ = {isa = PBXBuildFile; fileRef = 3489042E1B664B3D002B9B72 /* MJRefreshStateHeader.m */; };
		348904471B664B3D002B9B72 /* MJRefresh.bundle in Resources */ = {isa = PBXBuildFile; fileRef = 3489042F1B664B3D002B9B72 /* MJRefresh.bundle */; };
		348904481B664B3D002B9B72 /* MJRefreshConst.m in Sources */ = {isa = PBXBuildFile; fileRef = 348904321B664B3D002B9B72 /* MJRefreshConst.m */; };
		348904491B664B3D002B9B72 /* UIScrollView+MJExtension.m in Sources */ = {isa = PBXBuildFile; fileRef = 348904341B664B3D002B9B72 /* UIScrollView+MJExtension.m */; };
		3489044A1B664B3D002B9B72 /* UIScrollView+MJRefresh.m in Sources */ = {isa = PBXBuildFile; fileRef = 348904361B664B3D002B9B72 /* UIScrollView+MJRefresh.m */; };
		3489044B1B664B3D002B9B72 /* UIView+MJExtension.m in Sources */ = {isa = PBXBuildFile; fileRef = 348904381B664B3D002B9B72 /* UIView+MJExtension.m */; };
		348904561B6666B1002B9B72 /* PictureTableViewController.m in Sources */ = {isa = PBXBuildFile; fileRef = 348904551B6666B1002B9B72 /* PictureTableViewController.m */; };
		348904591B666705002B9B72 /* PictureCell.m in Sources */ = {isa = PBXBuildFile; fileRef = 348904581B666705002B9B72 /* PictureCell.m */; };
		3489045C1B666718002B9B72 /* PictureModel.m in Sources */ = {isa = PBXBuildFile; fileRef = 3489045B1B666718002B9B72 /* PictureModel.m */; };
		3491B1161B6B795000F0557F /* placeholderImage.gif in Resources */ = {isa = PBXBuildFile; fileRef = 3491B1151B6B795000F0557F /* placeholderImage.gif */; };
		34CAA2231B69FEA000390E86 /* UIImage+BlurredFrame.m in Sources */ = {isa = PBXBuildFile; fileRef = 34CAA2201B69FEA000390E86 /* UIImage+BlurredFrame.m */; };
		34CAA2241B69FEA000390E86 /* UIImage+ImageEffects.m in Sources */ = {isa = PBXBuildFile; fileRef = 34CAA2221B69FEA000390E86 /* UIImage+ImageEffects.m */; };
		34CAA2281B69FED600390E86 /* CXDynamicModuleView.m in Sources */ = {isa = PBXBuildFile; fileRef = 34CAA2271B69FED600390E86 /* CXDynamicModuleView.m */; };
		34CAA2321B69FEFF00390E86 /* SelectView.m in Sources */ = {isa = PBXBuildFile; fileRef = 34CAA22C1B69FEFF00390E86 /* SelectView.m */; };
		34CAA2331B69FEFF00390E86 /* SelectView.xib in Resources */ = {isa = PBXBuildFile; fileRef = 34CAA22D1B69FEFF00390E86 /* SelectView.xib */; };
		34CAA2341B69FEFF00390E86 /* BaseButton.m in Sources */ = {isa = PBXBuildFile; fileRef = 34CAA22F1B69FEFF00390E86 /* BaseButton.m */; };
		34CAA2351B69FEFF00390E86 /* BluePageControl.m in Sources */ = {isa = PBXBuildFile; fileRef = 34CAA2311B69FEFF00390E86 /* BluePageControl.m */; };
		34CAA23C1B6A180400390E86 /* RootTabBarViewController.m in Sources */ = {isa = PBXBuildFile; fileRef = 34CAA23B1B6A180400390E86 /* RootTabBarViewController.m */; };
		34CAA26E1B6A2D7C00390E86 /* MKAnnotationView+WebCache.m in Sources */ = {isa = PBXBuildFile; fileRef = 34CAA24E1B6A2D7C00390E86 /* MKAnnotationView+WebCache.m */; };
		34CAA26F1B6A2D7C00390E86 /* NSData+ImageContentType.m in Sources */ = {isa = PBXBuildFile; fileRef = 34CAA2501B6A2D7C00390E86 /* NSData+ImageContentType.m */; };
		34CAA2701B6A2D7C00390E86 /* SDImageCache.m in Sources */ = {isa = PBXBuildFile; fileRef = 34CAA2521B6A2D7C00390E86 /* SDImageCache.m */; };
		34CAA2711B6A2D7C00390E86 /* SDWebImageCompat.m in Sources */ = {isa = PBXBuildFile; fileRef = 34CAA2541B6A2D7C00390E86 /* SDWebImageCompat.m */; };
		34CAA2721B6A2D7C00390E86 /* SDWebImageDecoder.m in Sources */ = {isa = PBXBuildFile; fileRef = 34CAA2561B6A2D7C00390E86 /* SDWebImageDecoder.m */; };
		34CAA2731B6A2D7C00390E86 /* SDWebImageDownloader.m in Sources */ = {isa = PBXBuildFile; fileRef = 34CAA2581B6A2D7C00390E86 /* SDWebImageDownloader.m */; };
		34CAA2741B6A2D7C00390E86 /* SDWebImageDownloaderOperation.m in Sources */ = {isa = PBXBuildFile; fileRef = 34CAA25A1B6A2D7C00390E86 /* SDWebImageDownloaderOperation.m */; };
		34CAA2751B6A2D7C00390E86 /* SDWebImageManager.m in Sources */ = {isa = PBXBuildFile; fileRef = 34CAA25C1B6A2D7C00390E86 /* SDWebImageManager.m */; };
		34CAA2761B6A2D7C00390E86 /* SDWebImagePrefetcher.m in Sources */ = {isa = PBXBuildFile; fileRef = 34CAA25F1B6A2D7C00390E86 /* SDWebImagePrefetcher.m */; };
		34CAA2771B6A2D7C00390E86 /* UIButton+WebCache.m in Sources */ = {isa = PBXBuildFile; fileRef = 34CAA2611B6A2D7C00390E86 /* UIButton+WebCache.m */; };
		34CAA2781B6A2D7C00390E86 /* UIImage+GIF.m in Sources */ = {isa = PBXBuildFile; fileRef = 34CAA2631B6A2D7C00390E86 /* UIImage+GIF.m */; };
		34CAA2791B6A2D7C00390E86 /* UIImage+MultiFormat.m in Sources */ = {isa = PBXBuildFile; fileRef = 34CAA2651B6A2D7C00390E86 /* UIImage+MultiFormat.m */; };
		34CAA27A1B6A2D7C00390E86 /* UIImage+WebP.m in Sources */ = {isa = PBXBuildFile; fileRef = 34CAA2671B6A2D7C00390E86 /* UIImage+WebP.m */; };
		34CAA27B1B6A2D7C00390E86 /* UIImageView+HighlightedWebCache.m in Sources */ = {isa = PBXBuildFile; fileRef = 34CAA2691B6A2D7C00390E86 /* UIImageView+HighlightedWebCache.m */; };
		34CAA27C1B6A2D7C00390E86 /* UIImageView+WebCache.m in Sources */ = {isa = PBXBuildFile; fileRef = 34CAA26B1B6A2D7C00390E86 /* UIImageView+WebCache.m */; };
		34CAA27D1B6A2D7C00390E86 /* UIView+WebCacheOperation.m in Sources */ = {isa = PBXBuildFile; fileRef = 34CAA26D1B6A2D7C00390E86 /* UIView+WebCacheOperation.m */; };
		34EA10451B637182004FC656 /* main.m in Sources */ = {isa = PBXBuildFile; fileRef = 34EA10441B637182004FC656 /* main.m */; };
		34EA10481B637182004FC656 /* AppDelegate.m in Sources */ = {isa = PBXBuildFile; fileRef = 34EA10471B637182004FC656 /* AppDelegate.m */; };
		34EA104B1B637182004FC656 /* JOKE.xcdatamodeld in Sources */ = {isa = PBXBuildFile; fileRef = 34EA10491B637182004FC656 /* JOKE.xcdatamodeld */; };
		34EA104E1B637182004FC656 /* ViewController.m in Sources */ = {isa = PBXBuildFile; fileRef = 34EA104D1B637182004FC656 /* ViewController.m */; };
		34EA10511B637182004FC656 /* Main.storyboard in Resources */ = {isa = PBXBuildFile; fileRef = 34EA104F1B637182004FC656 /* Main.storyboard */; };
		34EA10531B637182004FC656 /* Images.xcassets in Resources */ = {isa = PBXBuildFile; fileRef = 34EA10521B637182004FC656 /* Images.xcassets */; };
		34EA10561B637182004FC656 /* LaunchScreen.xib in Resources */ = {isa = PBXBuildFile; fileRef = 34EA10541B637182004FC656 /* LaunchScreen.xib */; };
		34EA10621B637182004FC656 /* JOKETests.m in Sources */ = {isa = PBXBuildFile; fileRef = 34EA10611B637182004FC656 /* JOKETests.m */; };
/* End PBXBuildFile section */

/* Begin PBXContainerItemProxy section */
		34EA105C1B637182004FC656 /* PBXContainerItemProxy */ = {
			isa = PBXContainerItemProxy;
			containerPortal = 34EA10371B637182004FC656 /* Project object */;
			proxyType = 1;
			remoteGlobalIDString = 34EA103E1B637182004FC656;
			remoteInfo = JOKE;
		};
/* End PBXContainerItemProxy section */

/* Begin PBXFileReference section */
		344E48E81B6C5D3C0007353C /* DownloadViewController.h */ = {isa = PBXFileReference; fileEncoding = 4; lastKnownFileType = sourcecode.c.h; path = DownloadViewController.h; sourceTree = "<group>"; };
		344E48E91B6C5D3C0007353C /* DownloadViewController.m */ = {isa = PBXFileReference; fileEncoding = 4; lastKnownFileType = sourcecode.c.objc; path = DownloadViewController.m; sourceTree = "<group>"; };
		344E48EA1B6C5D3C0007353C /* DownloadViewController.xib */ = {isa = PBXFileReference; fileEncoding = 4; lastKnownFileType = file.xib; path = DownloadViewController.xib; sourceTree = "<group>"; };
		344E48ED1B6C5FC90007353C /* iCarousel.h */ = {isa = PBXFileReference; fileEncoding = 4; lastKnownFileType = sourcecode.c.h; path = iCarousel.h; sourceTree = "<group>"; };
		344E48EE1B6C5FC90007353C /* iCarousel.m */ = {isa = PBXFileReference; fileEncoding = 4; lastKnownFileType = sourcecode.c.objc; path = iCarousel.m; sourceTree = "<group>"; };
		344E48F41B6C79120007353C /* image.png */ = {isa = PBXFileReference; lastKnownFileType = image.png; path = image.png; sourceTree = "<group>"; };
		344E48FC1B6CA1450007353C /* LBorderView.h */ = {isa = PBXFileReference; fileEncoding = 4; lastKnownFileType = sourcecode.c.h; path = LBorderView.h; sourceTree = "<group>"; };
		344E48FD1B6CA1450007353C /* LBorderView.m */ = {isa = PBXFileReference; fileEncoding = 4; lastKnownFileType = sourcecode.c.objc; path = LBorderView.m; sourceTree = "<group>"; };
		344E49031B6CCD860007353C /* WaterFlowLayout.h */ = {isa = PBXFileReference; fileEncoding = 4; lastKnownFileType = sourcecode.c.h; path = WaterFlowLayout.h; sourceTree = "<group>"; };
		344E49041B6CCD860007353C /* WaterFlowLayout.m */ = {isa = PBXFileReference; fileEncoding = 4; lastKnownFileType = sourcecode.c.objc; path = WaterFlowLayout.m; sourceTree = "<group>"; };
		344E49071B6CCDC50007353C /* WeaterFlowCell.h */ = {isa = PBXFileReference; fileEncoding = 4; lastKnownFileType = sourcecode.c.h; path = WeaterFlowCell.h; sourceTree = "<group>"; };
		344E49081B6CCDC50007353C /* WeaterFlowCell.m */ = {isa = PBXFileReference; fileEncoding = 4; lastKnownFileType = sourcecode.c.objc; path = WeaterFlowCell.m; sourceTree = "<group>"; };
		344E490A1B6CDE2D0007353C /* WaterFlowViewController.h */ = {isa = PBXFileReference; fileEncoding = 4; lastKnownFileType = sourcecode.c.h; path = WaterFlowViewController.h; sourceTree = "<group>"; };
		344E490B1B6CDE2D0007353C /* WaterFlowViewController.m */ = {isa = PBXFileReference; fileEncoding = 4; lastKnownFileType = sourcecode.c.objc; path = WaterFlowViewController.m; sourceTree = "<group>"; };
		346286AD1B6F798200DF9725 /* Movie.h */ = {isa = PBXFileReference; fileEncoding = 4; lastKnownFileType = sourcecode.c.h; path = Movie.h; sourceTree = "<group>"; };
		346286AE1B6F798200DF9725 /* Movie.m */ = {isa = PBXFileReference; fileEncoding = 4; lastKnownFileType = sourcecode.c.objc; path = Movie.m; sourceTree = "<group>"; };
		347858881B68AD560034696F /* AVPalyerView.h */ = {isa = PBXFileReference; fileEncoding = 4; lastKnownFileType = sourcecode.c.h; path = AVPalyerView.h; sourceTree = "<group>"; };
		347858891B68AD560034696F /* AVPalyerView.m */ = {isa = PBXFileReference; fileEncoding = 4; lastKnownFileType = sourcecode.c.objc; path = AVPalyerView.m; sourceTree = "<group>"; };
		347858C91B69D6D10034696F /* MBProgressHUD.h */ = {isa = PBXFileReference; fileEncoding = 4; lastKnownFileType = sourcecode.c.h; path = MBProgressHUD.h; sourceTree = "<group>"; };
		347858CA1B69D6D10034696F /* MBProgressHUD.m */ = {isa = PBXFileReference; fileEncoding = 4; lastKnownFileType = sourcecode.c.objc; path = MBProgressHUD.m; sourceTree = "<group>"; };
		347DADA61B6764D100E2C318 /* VideoTVC.h */ = {isa = PBXFileReference; fileEncoding = 4; lastKnownFileType = sourcecode.c.h; path = VideoTVC.h; sourceTree = "<group>"; };
		347DADA71B6764D100E2C318 /* VideoTVC.m */ = {isa = PBXFileReference; fileEncoding = 4; lastKnownFileType = sourcecode.c.objc; path = VideoTVC.m; sourceTree = "<group>"; };
		347DADA91B6764E800E2C318 /* VideoCell.h */ = {isa = PBXFileReference; fileEncoding = 4; lastKnownFileType = sourcecode.c.h; path = VideoCell.h; sourceTree = "<group>"; };
		347DADAA1B6764E800E2C318 /* VideoCell.m */ = {isa = PBXFileReference; fileEncoding = 4; lastKnownFileType = sourcecode.c.objc; path = VideoCell.m; sourceTree = "<group>"; };
		347DADAC1B67650000E2C318 /* VideoModel.h */ = {isa = PBXFileReference; fileEncoding = 4; lastKnownFileType = sourcecode.c.h; path = VideoModel.h; sourceTree = "<group>"; };
		347DADAD1B67650000E2C318 /* VideoModel.m */ = {isa = PBXFileReference; fileEncoding = 4; lastKnownFileType = sourcecode.c.objc; path = VideoModel.m; sourceTree = "<group>"; };
		348903901B65D263002B9B72 /* JokeCell.h */ = {isa = PBXFileReference; fileEncoding = 4; lastKnownFileType = sourcecode.c.h; path = JokeCell.h; sourceTree = "<group>"; };
		348903911B65D263002B9B72 /* JokeCell.m */ = {isa = PBXFileReference; fileEncoding = 4; lastKnownFileType = sourcecode.c.objc; path = JokeCell.m; sourceTree = "<group>"; };
		348903B01B65D921002B9B72 /* JokeModel.h */ = {isa = PBXFileReference; fileEncoding = 4; lastKnownFileType = sourcecode.c.h; path = JokeModel.h; sourceTree = "<group>"; };
		348903B11B65D921002B9B72 /* JokeModel.m */ = {isa = PBXFileReference; fileEncoding = 4; lastKnownFileType = sourcecode.c.objc; path = JokeModel.m; sourceTree = "<group>"; };
		348903B41B65DD34002B9B72 /* AFHTTPRequestOperation.h */ = {isa = PBXFileReference; fileEncoding = 4; lastKnownFileType = sourcecode.c.h; path = AFHTTPRequestOperation.h; sourceTree = "<group>"; };
		348903B51B65DD34002B9B72 /* AFHTTPRequestOperation.m */ = {isa = PBXFileReference; fileEncoding = 4; lastKnownFileType = sourcecode.c.objc; path = AFHTTPRequestOperation.m; sourceTree = "<group>"; };
		348903B61B65DD34002B9B72 /* AFHTTPRequestOperationManager.h */ = {isa = PBXFileReference; fileEncoding = 4; lastKnownFileType = sourcecode.c.h; path = AFHTTPRequestOperationManager.h; sourceTree = "<group>"; };
		348903B71B65DD34002B9B72 /* AFHTTPRequestOperationManager.m */ = {isa = PBXFileReference; fileEncoding = 4; lastKnownFileType = sourcecode.c.objc; path = AFHTTPRequestOperationManager.m; sourceTree = "<group>"; };
		348903B81B65DD34002B9B72 /* AFHTTPSessionManager.h */ = {isa = PBXFileReference; fileEncoding = 4; lastKnownFileType = sourcecode.c.h; path = AFHTTPSessionManager.h; sourceTree = "<group>"; };
		348903B91B65DD34002B9B72 /* AFHTTPSessionManager.m */ = {isa = PBXFileReference; fileEncoding = 4; lastKnownFileType = sourcecode.c.objc; path = AFHTTPSessionManager.m; sourceTree = "<group>"; };
		348903BA1B65DD34002B9B72 /* AFNetworking.h */ = {isa = PBXFileReference; fileEncoding = 4; lastKnownFileType = sourcecode.c.h; path = AFNetworking.h; sourceTree = "<group>"; };
		348903BB1B65DD34002B9B72 /* AFNetworkReachabilityManager.h */ = {isa = PBXFileReference; fileEncoding = 4; lastKnownFileType = sourcecode.c.h; path = AFNetworkReachabilityManager.h; sourceTree = "<group>"; };
		348903BC1B65DD34002B9B72 /* AFNetworkReachabilityManager.m */ = {isa = PBXFileReference; fileEncoding = 4; lastKnownFileType = sourcecode.c.objc; path = AFNetworkReachabilityManager.m; sourceTree = "<group>"; };
		348903BD1B65DD34002B9B72 /* AFSecurityPolicy.h */ = {isa = PBXFileReference; fileEncoding = 4; lastKnownFileType = sourcecode.c.h; path = AFSecurityPolicy.h; sourceTree = "<group>"; };
		348903BE1B65DD34002B9B72 /* AFSecurityPolicy.m */ = {isa = PBXFileReference; fileEncoding = 4; lastKnownFileType = sourcecode.c.objc; path = AFSecurityPolicy.m; sourceTree = "<group>"; };
		348903BF1B65DD34002B9B72 /* AFURLConnectionOperation.h */ = {isa = PBXFileReference; fileEncoding = 4; lastKnownFileType = sourcecode.c.h; path = AFURLConnectionOperation.h; sourceTree = "<group>"; };
		348903C01B65DD34002B9B72 /* AFURLConnectionOperation.m */ = {isa = PBXFileReference; fileEncoding = 4; lastKnownFileType = sourcecode.c.objc; path = AFURLConnectionOperation.m; sourceTree = "<group>"; };
		348903C11B65DD34002B9B72 /* AFURLRequestSerialization.h */ = {isa = PBXFileReference; fileEncoding = 4; lastKnownFileType = sourcecode.c.h; path = AFURLRequestSerialization.h; sourceTree = "<group>"; };
		348903C21B65DD34002B9B72 /* AFURLRequestSerialization.m */ = {isa = PBXFileReference; fileEncoding = 4; lastKnownFileType = sourcecode.c.objc; path = AFURLRequestSerialization.m; sourceTree = "<group>"; };
		348903C31B65DD34002B9B72 /* AFURLResponseSerialization.h */ = {isa = PBXFileReference; fileEncoding = 4; lastKnownFileType = sourcecode.c.h; path = AFURLResponseSerialization.h; sourceTree = "<group>"; };
		348903C41B65DD34002B9B72 /* AFURLResponseSerialization.m */ = {isa = PBXFileReference; fileEncoding = 4; lastKnownFileType = sourcecode.c.objc; path = AFURLResponseSerialization.m; sourceTree = "<group>"; };
		348903C51B65DD34002B9B72 /* AFURLSessionManager.h */ = {isa = PBXFileReference; fileEncoding = 4; lastKnownFileType = sourcecode.c.h; path = AFURLSessionManager.h; sourceTree = "<group>"; };
		348903C61B65DD34002B9B72 /* AFURLSessionManager.m */ = {isa = PBXFileReference; fileEncoding = 4; lastKnownFileType = sourcecode.c.objc; path = AFURLSessionManager.m; sourceTree = "<group>"; };
		348904021B660DAC002B9B72 /* LinesLabel.h */ = {isa = PBXFileReference; fileEncoding = 4; lastKnownFileType = sourcecode.c.h; path = LinesLabel.h; sourceTree = "<group>"; };
		348904031B660DAC002B9B72 /* LinesLabel.m */ = {isa = PBXFileReference; fileEncoding = 4; lastKnownFileType = sourcecode.c.objc; path = LinesLabel.m; sourceTree = "<group>"; };
		348904051B662014002B9B72 /* AnimationButton.h */ = {isa = PBXFileReference; fileEncoding = 4; lastKnownFileType = sourcecode.c.h; path = AnimationButton.h; sourceTree = "<group>"; };
		348904061B662014002B9B72 /* AnimationButton.m */ = {isa = PBXFileReference; fileEncoding = 4; lastKnownFileType = sourcecode.c.objc; path = AnimationButton.m; sourceTree = "<group>"; };
		348904091B6620CD002B9B72 /* MCFireworksView.h */ = {isa = PBXFileReference; fileEncoding = 4; lastKnownFileType = sourcecode.c.h; path = MCFireworksView.h; sourceTree = "<group>"; };
		3489040A1B6620CD002B9B72 /* MCFireworksView.m */ = {isa = PBXFileReference; fileEncoding = 4; lastKnownFileType = sourcecode.c.objc; path = MCFireworksView.m; sourceTree = "<group>"; };
		3489040E1B664B3D002B9B72 /* MJRefreshAutoFooter.h */ = {isa = PBXFileReference; fileEncoding = 4; lastKnownFileType = sourcecode.c.h; path = MJRefreshAutoFooter.h; sourceTree = "<group>"; };
		3489040F1B664B3D002B9B72 /* MJRefreshAutoFooter.m */ = {isa = PBXFileReference; fileEncoding = 4; lastKnownFileType = sourcecode.c.objc; path = MJRefreshAutoFooter.m; sourceTree = "<group>"; };
		348904101B664B3D002B9B72 /* MJRefreshBackFooter.h */ = {isa = PBXFileReference; fileEncoding = 4; lastKnownFileType = sourcecode.c.h; path = MJRefreshBackFooter.h; sourceTree = "<group>"; };
		348904111B664B3D002B9B72 /* MJRefreshBackFooter.m */ = {isa = PBXFileReference; fileEncoding = 4; lastKnownFileType = sourcecode.c.objc; path = MJRefreshBackFooter.m; sourceTree = "<group>"; };
		348904121B664B3D002B9B72 /* MJRefreshComponent.h */ = {isa = PBXFileReference; fileEncoding = 4; lastKnownFileType = sourcecode.c.h; path = MJRefreshComponent.h; sourceTree = "<group>"; };
		348904131B664B3D002B9B72 /* MJRefreshComponent.m */ = {isa = PBXFileReference; fileEncoding = 4; lastKnownFileType = sourcecode.c.objc; path = MJRefreshComponent.m; sourceTree = "<group>"; };
		348904141B664B3D002B9B72 /* MJRefreshFooter.h */ = {isa = PBXFileReference; fileEncoding = 4; lastKnownFileType = sourcecode.c.h; path = MJRefreshFooter.h; sourceTree = "<group>"; };
		348904151B664B3D002B9B72 /* MJRefreshFooter.m */ = {isa = PBXFileReference; fileEncoding = 4; lastKnownFileType = sourcecode.c.objc; path = MJRefreshFooter.m; sourceTree = "<group>"; };
		348904161B664B3D002B9B72 /* MJRefreshHeader.h */ = {isa = PBXFileReference; fileEncoding = 4; lastKnownFileType = sourcecode.c.h; path = MJRefreshHeader.h; sourceTree = "<group>"; };
		348904171B664B3D002B9B72 /* MJRefreshHeader.m */ = {isa = PBXFileReference; fileEncoding = 4; lastKnownFileType = sourcecode.c.objc; path = MJRefreshHeader.m; sourceTree = "<group>"; };
		3489041B1B664B3D002B9B72 /* MJRefreshAutoGifFooter.h */ = {isa = PBXFileReference; fileEncoding = 4; lastKnownFileType = sourcecode.c.h; path = MJRefreshAutoGifFooter.h; sourceTree = "<group>"; };
		3489041C1B664B3D002B9B72 /* MJRefreshAutoGifFooter.m */ = {isa = PBXFileReference; fileEncoding = 4; lastKnownFileType = sourcecode.c.objc; path = MJRefreshAutoGifFooter.m; sourceTree = "<group>"; };
		3489041D1B664B3D002B9B72 /* MJRefreshAutoNormalFooter.h */ = {isa = PBXFileReference; fileEncoding = 4; lastKnownFileType = sourcecode.c.h; path = MJRefreshAutoNormalFooter.h; sourceTree = "<group>"; };
		3489041E1B664B3D002B9B72 /* MJRefreshAutoNormalFooter.m */ = {isa = PBXFileReference; fileEncoding = 4; lastKnownFileType = sourcecode.c.objc; path = MJRefreshAutoNormalFooter.m; sourceTree = "<group>"; };
		3489041F1B664B3D002B9B72 /* MJRefreshAutoStateFooter.h */ = {isa = PBXFileReference; fileEncoding = 4; lastKnownFileType = sourcecode.c.h; path = MJRefreshAutoStateFooter.h; sourceTree = "<group>"; };
		348904201B664B3D002B9B72 /* MJRefreshAutoStateFooter.m */ = {isa = PBXFileReference; fileEncoding = 4; lastKnownFileType = sourcecode.c.objc; path = MJRefreshAutoStateFooter.m; sourceTree = "<group>"; };
		348904221B664B3D002B9B72 /* MJRefreshBackGifFooter.h */ = {isa = PBXFileReference; fileEncoding = 4; lastKnownFileType = sourcecode.c.h; path = MJRefreshBackGifFooter.h; sourceTree = "<group>"; };
		348904231B664B3D002B9B72 /* MJRefreshBackGifFooter.m */ = {isa = PBXFileReference; fileEncoding = 4; lastKnownFileType = sourcecode.c.objc; path = MJRefreshBackGifFooter.m; sourceTree = "<group>"; };
		348904241B664B3D002B9B72 /* MJRefreshBackNormalFooter.h */ = {isa = PBXFileReference; fileEncoding = 4; lastKnownFileType = sourcecode.c.h; path = MJRefreshBackNormalFooter.h; sourceTree = "<group>"; };
		348904251B664B3D002B9B72 /* MJRefreshBackNormalFooter.m */ = {isa = PBXFileReference; fileEncoding = 4; lastKnownFileType = sourcecode.c.objc; path = MJRefreshBackNormalFooter.m; sourceTree = "<group>"; };
		348904261B664B3D002B9B72 /* MJRefreshBackStateFooter.h */ = {isa = PBXFileReference; fileEncoding = 4; lastKnownFileType = sourcecode.c.h; path = MJRefreshBackStateFooter.h; sourceTree = "<group>"; };
		348904271B664B3D002B9B72 /* MJRefreshBackStateFooter.m */ = {isa = PBXFileReference; fileEncoding = 4; lastKnownFileType = sourcecode.c.objc; path = MJRefreshBackStateFooter.m; sourceTree = "<group>"; };
		348904291B664B3D002B9B72 /* MJRefreshGifHeader.h */ = {isa = PBXFileReference; fileEncoding = 4; lastKnownFileType = sourcecode.c.h; path = MJRefreshGifHeader.h; sourceTree = "<group>"; };
		3489042A1B664B3D002B9B72 /* MJRefreshGifHeader.m */ = {isa = PBXFileReference; fileEncoding = 4; lastKnownFileType = sourcecode.c.objc; path = MJRefreshGifHeader.m; sourceTree = "<group>"; };
		3489042B1B664B3D002B9B72 /* MJRefreshNormalHeader.h */ = {isa = PBXFileReference; fileEncoding = 4; lastKnownFileType = sourcecode.c.h; path = MJRefreshNormalHeader.h; sourceTree = "<group>"; };
		3489042C1B664B3D002B9B72 /* MJRefreshNormalHeader.m */ = {isa = PBXFileReference; fileEncoding = 4; lastKnownFileType = sourcecode.c.objc; path = MJRefreshNormalHeader.m; sourceTree = "<group>"; };
		3489042D1B664B3D002B9B72 /* MJRefreshStateHeader.h */ = {isa = PBXFileReference; fileEncoding = 4; lastKnownFileType = sourcecode.c.h; path = MJRefreshStateHeader.h; sourceTree = "<group>"; };
		3489042E1B664B3D002B9B72 /* MJRefreshStateHeader.m */ = {isa = PBXFileReference; fileEncoding = 4; lastKnownFileType = sourcecode.c.objc; path = MJRefreshStateHeader.m; sourceTree = "<group>"; };
		3489042F1B664B3D002B9B72 /* MJRefresh.bundle */ = {isa = PBXFileReference; lastKnownFileType = "wrapper.plug-in"; path = MJRefresh.bundle; sourceTree = "<group>"; };
		348904301B664B3D002B9B72 /* MJRefresh.h */ = {isa = PBXFileReference; fileEncoding = 4; lastKnownFileType = sourcecode.c.h; path = MJRefresh.h; sourceTree = "<group>"; };
		348904311B664B3D002B9B72 /* MJRefreshConst.h */ = {isa = PBXFileReference; fileEncoding = 4; lastKnownFileType = sourcecode.c.h; path = MJRefreshConst.h; sourceTree = "<group>"; };
		348904321B664B3D002B9B72 /* MJRefreshConst.m */ = {isa = PBXFileReference; fileEncoding = 4; lastKnownFileType = sourcecode.c.objc; path = MJRefreshConst.m; sourceTree = "<group>"; };
		348904331B664B3D002B9B72 /* UIScrollView+MJExtension.h */ = {isa = PBXFileReference; fileEncoding = 4; lastKnownFileType = sourcecode.c.h; path = "UIScrollView+MJExtension.h"; sourceTree = "<group>"; };
		348904341B664B3D002B9B72 /* UIScrollView+MJExtension.m */ = {isa = PBXFileReference; fileEncoding = 4; lastKnownFileType = sourcecode.c.objc; path = "UIScrollView+MJExtension.m"; sourceTree = "<group>"; };
		348904351B664B3D002B9B72 /* UIScrollView+MJRefresh.h */ = {isa = PBXFileReference; fileEncoding = 4; lastKnownFileType = sourcecode.c.h; path = "UIScrollView+MJRefresh.h"; sourceTree = "<group>"; };
		348904361B664B3D002B9B72 /* UIScrollView+MJRefresh.m */ = {isa = PBXFileReference; fileEncoding = 4; lastKnownFileType = sourcecode.c.objc; path = "UIScrollView+MJRefresh.m"; sourceTree = "<group>"; };
		348904371B664B3D002B9B72 /* UIView+MJExtension.h */ = {isa = PBXFileReference; fileEncoding = 4; lastKnownFileType = sourcecode.c.h; path = "UIView+MJExtension.h"; sourceTree = "<group>"; };
		348904381B664B3D002B9B72 /* UIView+MJExtension.m */ = {isa = PBXFileReference; fileEncoding = 4; lastKnownFileType = sourcecode.c.objc; path = "UIView+MJExtension.m"; sourceTree = "<group>"; };
		348904501B664E97002B9B72 /* PrefixHeader.pch */ = {isa = PBXFileReference; fileEncoding = 4; lastKnownFileType = sourcecode.c.h; path = PrefixHeader.pch; sourceTree = "<group>"; };
		348904541B6666B1002B9B72 /* PictureTableViewController.h */ = {isa = PBXFileReference; fileEncoding = 4; lastKnownFileType = sourcecode.c.h; path = PictureTableViewController.h; sourceTree = "<group>"; };
		348904551B6666B1002B9B72 /* PictureTableViewController.m */ = {isa = PBXFileReference; fileEncoding = 4; lastKnownFileType = sourcecode.c.objc; path = PictureTableViewController.m; sourceTree = "<group>"; };
		348904571B666705002B9B72 /* PictureCell.h */ = {isa = PBXFileReference; fileEncoding = 4; lastKnownFileType = sourcecode.c.h; path = PictureCell.h; sourceTree = "<group>"; };
		348904581B666705002B9B72 /* PictureCell.m */ = {isa = PBXFileReference; fileEncoding = 4; lastKnownFileType = sourcecode.c.objc; path = PictureCell.m; sourceTree = "<group>"; };
		3489045A1B666718002B9B72 /* PictureModel.h */ = {isa = PBXFileReference; fileEncoding = 4; lastKnownFileType = sourcecode.c.h; path = PictureModel.h; sourceTree = "<group>"; };
		3489045B1B666718002B9B72 /* PictureModel.m */ = {isa = PBXFileReference; fileEncoding = 4; lastKnownFileType = sourcecode.c.objc; path = PictureModel.m; sourceTree = "<group>"; };
		3491B1151B6B795000F0557F /* placeholderImage.gif */ = {isa = PBXFileReference; lastKnownFileType = image.gif; path = placeholderImage.gif; sourceTree = "<group>"; };
		34CAA21F1B69FEA000390E86 /* UIImage+BlurredFrame.h */ = {isa = PBXFileReference; fileEncoding = 4; lastKnownFileType = sourcecode.c.h; path = "UIImage+BlurredFrame.h"; sourceTree = "<group>"; };
		34CAA2201B69FEA000390E86 /* UIImage+BlurredFrame.m */ = {isa = PBXFileReference; fileEncoding = 4; lastKnownFileType = sourcecode.c.objc; path = "UIImage+BlurredFrame.m"; sourceTree = "<group>"; };
		34CAA2211B69FEA000390E86 /* UIImage+ImageEffects.h */ = {isa = PBXFileReference; fileEncoding = 4; lastKnownFileType = sourcecode.c.h; path = "UIImage+ImageEffects.h"; sourceTree = "<group>"; };
		34CAA2221B69FEA000390E86 /* UIImage+ImageEffects.m */ = {isa = PBXFileReference; fileEncoding = 4; lastKnownFileType = sourcecode.c.objc; path = "UIImage+ImageEffects.m"; sourceTree = "<group>"; };
		34CAA2261B69FED600390E86 /* CXDynamicModuleView.h */ = {isa = PBXFileReference; fileEncoding = 4; lastKnownFileType = sourcecode.c.h; path = CXDynamicModuleView.h; sourceTree = "<group>"; };
		34CAA2271B69FED600390E86 /* CXDynamicModuleView.m */ = {isa = PBXFileReference; fileEncoding = 4; lastKnownFileType = sourcecode.c.objc; path = CXDynamicModuleView.m; sourceTree = "<group>"; };
		34CAA22B1B69FEFF00390E86 /* SelectView.h */ = {isa = PBXFileReference; fileEncoding = 4; lastKnownFileType = sourcecode.c.h; path = SelectView.h; sourceTree = "<group>"; };
		34CAA22C1B69FEFF00390E86 /* SelectView.m */ = {isa = PBXFileReference; fileEncoding = 4; lastKnownFileType = sourcecode.c.objc; path = SelectView.m; sourceTree = "<group>"; };
		34CAA22D1B69FEFF00390E86 /* SelectView.xib */ = {isa = PBXFileReference; fileEncoding = 4; lastKnownFileType = file.xib; path = SelectView.xib; sourceTree = "<group>"; };
		34CAA22E1B69FEFF00390E86 /* BaseButton.h */ = {isa = PBXFileReference; fileEncoding = 4; lastKnownFileType = sourcecode.c.h; path = BaseButton.h; sourceTree = "<group>"; };
		34CAA22F1B69FEFF00390E86 /* BaseButton.m */ = {isa = PBXFileReference; fileEncoding = 4; lastKnownFileType = sourcecode.c.objc; path = BaseButton.m; sourceTree = "<group>"; };
		34CAA2301B69FEFF00390E86 /* BluePageControl.h */ = {isa = PBXFileReference; fileEncoding = 4; lastKnownFileType = sourcecode.c.h; path = BluePageControl.h; sourceTree = "<group>"; };
		34CAA2311B69FEFF00390E86 /* BluePageControl.m */ = {isa = PBXFileReference; fileEncoding = 4; lastKnownFileType = sourcecode.c.objc; path = BluePageControl.m; sourceTree = "<group>"; };
		34CAA23A1B6A180400390E86 /* RootTabBarViewController.h */ = {isa = PBXFileReference; fileEncoding = 4; lastKnownFileType = sourcecode.c.h; path = RootTabBarViewController.h; sourceTree = "<group>"; };
		34CAA23B1B6A180400390E86 /* RootTabBarViewController.m */ = {isa = PBXFileReference; fileEncoding = 4; lastKnownFileType = sourcecode.c.objc; path = RootTabBarViewController.m; sourceTree = "<group>"; };
		34CAA24D1B6A2D7C00390E86 /* MKAnnotationView+WebCache.h */ = {isa = PBXFileReference; fileEncoding = 4; lastKnownFileType = sourcecode.c.h; path = "MKAnnotationView+WebCache.h"; sourceTree = "<group>"; };
		34CAA24E1B6A2D7C00390E86 /* MKAnnotationView+WebCache.m */ = {isa = PBXFileReference; fileEncoding = 4; lastKnownFileType = sourcecode.c.objc; path = "MKAnnotationView+WebCache.m"; sourceTree = "<group>"; };
		34CAA24F1B6A2D7C00390E86 /* NSData+ImageContentType.h */ = {isa = PBXFileReference; fileEncoding = 4; lastKnownFileType = sourcecode.c.h; path = "NSData+ImageContentType.h"; sourceTree = "<group>"; };
		34CAA2501B6A2D7C00390E86 /* NSData+ImageContentType.m */ = {isa = PBXFileReference; fileEncoding = 4; lastKnownFileType = sourcecode.c.objc; path = "NSData+ImageContentType.m"; sourceTree = "<group>"; };
		34CAA2511B6A2D7C00390E86 /* SDImageCache.h */ = {isa = PBXFileReference; fileEncoding = 4; lastKnownFileType = sourcecode.c.h; path = SDImageCache.h; sourceTree = "<group>"; };
		34CAA2521B6A2D7C00390E86 /* SDImageCache.m */ = {isa = PBXFileReference; fileEncoding = 4; lastKnownFileType = sourcecode.c.objc; path = SDImageCache.m; sourceTree = "<group>"; };
		34CAA2531B6A2D7C00390E86 /* SDWebImageCompat.h */ = {isa = PBXFileReference; fileEncoding = 4; lastKnownFileType = sourcecode.c.h; path = SDWebImageCompat.h; sourceTree = "<group>"; };
		34CAA2541B6A2D7C00390E86 /* SDWebImageCompat.m */ = {isa = PBXFileReference; fileEncoding = 4; lastKnownFileType = sourcecode.c.objc; path = SDWebImageCompat.m; sourceTree = "<group>"; };
		34CAA2551B6A2D7C00390E86 /* SDWebImageDecoder.h */ = {isa = PBXFileReference; fileEncoding = 4; lastKnownFileType = sourcecode.c.h; path = SDWebImageDecoder.h; sourceTree = "<group>"; };
		34CAA2561B6A2D7C00390E86 /* SDWebImageDecoder.m */ = {isa = PBXFileReference; fileEncoding = 4; lastKnownFileType = sourcecode.c.objc; path = SDWebImageDecoder.m; sourceTree = "<group>"; };
		34CAA2571B6A2D7C00390E86 /* SDWebImageDownloader.h */ = {isa = PBXFileReference; fileEncoding = 4; lastKnownFileType = sourcecode.c.h; path = SDWebImageDownloader.h; sourceTree = "<group>"; };
		34CAA2581B6A2D7C00390E86 /* SDWebImageDownloader.m */ = {isa = PBXFileReference; fileEncoding = 4; lastKnownFileType = sourcecode.c.objc; path = SDWebImageDownloader.m; sourceTree = "<group>"; };
		34CAA2591B6A2D7C00390E86 /* SDWebImageDownloaderOperation.h */ = {isa = PBXFileReference; fileEncoding = 4; lastKnownFileType = sourcecode.c.h; path = SDWebImageDownloaderOperation.h; sourceTree = "<group>"; };
		34CAA25A1B6A2D7C00390E86 /* SDWebImageDownloaderOperation.m */ = {isa = PBXFileReference; fileEncoding = 4; lastKnownFileType = sourcecode.c.objc; path = SDWebImageDownloaderOperation.m; sourceTree = "<group>"; };
		34CAA25B1B6A2D7C00390E86 /* SDWebImageManager.h */ = {isa = PBXFileReference; fileEncoding = 4; lastKnownFileType = sourcecode.c.h; path = SDWebImageManager.h; sourceTree = "<group>"; };
		34CAA25C1B6A2D7C00390E86 /* SDWebImageManager.m */ = {isa = PBXFileReference; fileEncoding = 4; lastKnownFileType = sourcecode.c.objc; path = SDWebImageManager.m; sourceTree = "<group>"; };
		34CAA25D1B6A2D7C00390E86 /* SDWebImageOperation.h */ = {isa = PBXFileReference; fileEncoding = 4; lastKnownFileType = sourcecode.c.h; path = SDWebImageOperation.h; sourceTree = "<group>"; };
		34CAA25E1B6A2D7C00390E86 /* SDWebImagePrefetcher.h */ = {isa = PBXFileReference; fileEncoding = 4; lastKnownFileType = sourcecode.c.h; path = SDWebImagePrefetcher.h; sourceTree = "<group>"; };
		34CAA25F1B6A2D7C00390E86 /* SDWebImagePrefetcher.m */ = {isa = PBXFileReference; fileEncoding = 4; lastKnownFileType = sourcecode.c.objc; path = SDWebImagePrefetcher.m; sourceTree = "<group>"; };
		34CAA2601B6A2D7C00390E86 /* UIButton+WebCache.h */ = {isa = PBXFileReference; fileEncoding = 4; lastKnownFileType = sourcecode.c.h; path = "UIButton+WebCache.h"; sourceTree = "<group>"; };
		34CAA2611B6A2D7C00390E86 /* UIButton+WebCache.m */ = {isa = PBXFileReference; fileEncoding = 4; lastKnownFileType = sourcecode.c.objc; path = "UIButton+WebCache.m"; sourceTree = "<group>"; };
		34CAA2621B6A2D7C00390E86 /* UIImage+GIF.h */ = {isa = PBXFileReference; fileEncoding = 4; lastKnownFileType = sourcecode.c.h; path = "UIImage+GIF.h"; sourceTree = "<group>"; };
		34CAA2631B6A2D7C00390E86 /* UIImage+GIF.m */ = {isa = PBXFileReference; fileEncoding = 4; lastKnownFileType = sourcecode.c.objc; path = "UIImage+GIF.m"; sourceTree = "<group>"; };
		34CAA2641B6A2D7C00390E86 /* UIImage+MultiFormat.h */ = {isa = PBXFileReference; fileEncoding = 4; lastKnownFileType = sourcecode.c.h; path = "UIImage+MultiFormat.h"; sourceTree = "<group>"; };
		34CAA2651B6A2D7C00390E86 /* UIImage+MultiFormat.m */ = {isa = PBXFileReference; fileEncoding = 4; lastKnownFileType = sourcecode.c.objc; path = "UIImage+MultiFormat.m"; sourceTree = "<group>"; };
		34CAA2661B6A2D7C00390E86 /* UIImage+WebP.h */ = {isa = PBXFileReference; fileEncoding = 4; lastKnownFileType = sourcecode.c.h; path = "UIImage+WebP.h"; sourceTree = "<group>"; };
		34CAA2671B6A2D7C00390E86 /* UIImage+WebP.m */ = {isa = PBXFileReference; fileEncoding = 4; lastKnownFileType = sourcecode.c.objc; path = "UIImage+WebP.m"; sourceTree = "<group>"; };
		34CAA2681B6A2D7C00390E86 /* UIImageView+HighlightedWebCache.h */ = {isa = PBXFileReference; fileEncoding = 4; lastKnownFileType = sourcecode.c.h; path = "UIImageView+HighlightedWebCache.h"; sourceTree = "<group>"; };
		34CAA2691B6A2D7C00390E86 /* UIImageView+HighlightedWebCache.m */ = {isa = PBXFileReference; fileEncoding = 4; lastKnownFileType = sourcecode.c.objc; path = "UIImageView+HighlightedWebCache.m"; sourceTree = "<group>"; };
		34CAA26A1B6A2D7C00390E86 /* UIImageView+WebCache.h */ = {isa = PBXFileReference; fileEncoding = 4; lastKnownFileType = sourcecode.c.h; path = "UIImageView+WebCache.h"; sourceTree = "<group>"; };
		34CAA26B1B6A2D7C00390E86 /* UIImageView+WebCache.m */ = {isa = PBXFileReference; fileEncoding = 4; lastKnownFileType = sourcecode.c.objc; path = "UIImageView+WebCache.m"; sourceTree = "<group>"; };
		34CAA26C1B6A2D7C00390E86 /* UIView+WebCacheOperation.h */ = {isa = PBXFileReference; fileEncoding = 4; lastKnownFileType = sourcecode.c.h; path = "UIView+WebCacheOperation.h"; sourceTree = "<group>"; };
		34CAA26D1B6A2D7C00390E86 /* UIView+WebCacheOperation.m */ = {isa = PBXFileReference; fileEncoding = 4; lastKnownFileType = sourcecode.c.objc; path = "UIView+WebCacheOperation.m"; sourceTree = "<group>"; };
		34EA103F1B637182004FC656 /* JOKE.app */ = {isa = PBXFileReference; explicitFileType = wrapper.application; includeInIndex = 0; path = JOKE.app; sourceTree = BUILT_PRODUCTS_DIR; };
		34EA10431B637182004FC656 /* Info.plist */ = {isa = PBXFileReference; lastKnownFileType = text.plist.xml; path = Info.plist; sourceTree = "<group>"; };
		34EA10441B637182004FC656 /* main.m */ = {isa = PBXFileReference; lastKnownFileType = sourcecode.c.objc; path = main.m; sourceTree = "<group>"; };
		34EA10461B637182004FC656 /* AppDelegate.h */ = {isa = PBXFileReference; lastKnownFileType = sourcecode.c.h; path = AppDelegate.h; sourceTree = "<group>"; };
		34EA10471B637182004FC656 /* AppDelegate.m */ = {isa = PBXFileReference; lastKnownFileType = sourcecode.c.objc; path = AppDelegate.m; sourceTree = "<group>"; };
		34EA104A1B637182004FC656 /* JOKE.xcdatamodel */ = {isa = PBXFileReference; lastKnownFileType = wrapper.xcdatamodel; path = JOKE.xcdatamodel; sourceTree = "<group>"; };
		34EA104C1B637182004FC656 /* ViewController.h */ = {isa = PBXFileReference; lastKnownFileType = sourcecode.c.h; path = ViewController.h; sourceTree = "<group>"; };
		34EA104D1B637182004FC656 /* ViewController.m */ = {isa = PBXFileReference; lastKnownFileType = sourcecode.c.objc; path = ViewController.m; sourceTree = "<group>"; };
		34EA10501B637182004FC656 /* Base */ = {isa = PBXFileReference; lastKnownFileType = file.storyboard; name = Base; path = Base.lproj/Main.storyboard; sourceTree = "<group>"; };
		34EA10521B637182004FC656 /* Images.xcassets */ = {isa = PBXFileReference; lastKnownFileType = folder.assetcatalog; path = Images.xcassets; sourceTree = "<group>"; };
		34EA10551B637182004FC656 /* Base */ = {isa = PBXFileReference; lastKnownFileType = file.xib; name = Base; path = Base.lproj/LaunchScreen.xib; sourceTree = "<group>"; };
		34EA105B1B637182004FC656 /* JOKETests.xctest */ = {isa = PBXFileReference; explicitFileType = wrapper.cfbundle; includeInIndex = 0; path = JOKETests.xctest; sourceTree = BUILT_PRODUCTS_DIR; };
		34EA10601B637182004FC656 /* Info.plist */ = {isa = PBXFileReference; lastKnownFileType = text.plist.xml; path = Info.plist; sourceTree = "<group>"; };
		34EA10611B637182004FC656 /* JOKETests.m */ = {isa = PBXFileReference; lastKnownFileType = sourcecode.c.objc; path = JOKETests.m; sourceTree = "<group>"; };
/* End PBXFileReference section */

/* Begin PBXFrameworksBuildPhase section */
		34EA103C1B637182004FC656 /* Frameworks */ = {
			isa = PBXFrameworksBuildPhase;
			buildActionMask = 2147483647;
			files = (
			);
			runOnlyForDeploymentPostprocessing = 0;
		};
		34EA10581B637182004FC656 /* Frameworks */ = {
			isa = PBXFrameworksBuildPhase;
			buildActionMask = 2147483647;
			files = (
			);
			runOnlyForDeploymentPostprocessing = 0;
		};
/* End PBXFrameworksBuildPhase section */

/* Begin PBXGroup section */
		344E49021B6CCB5E0007353C /* Download */ = {
			isa = PBXGroup;
			children = (
				344E48ED1B6C5FC90007353C /* iCarousel.h */,
				344E48EE1B6C5FC90007353C /* iCarousel.m */,
			);
			name = Download;
			sourceTree = "<group>";
		};
		344E49061B6CCD9D0007353C /* Download */ = {
			isa = PBXGroup;
			children = (
				344E49071B6CCDC50007353C /* WeaterFlowCell.h */,
				344E49081B6CCDC50007353C /* WeaterFlowCell.m */,
			);
			name = Download;
			sourceTree = "<group>";
		};
		347858C61B69B6660034696F /* Joke */ = {
			isa = PBXGroup;
			children = (
				348903901B65D263002B9B72 /* JokeCell.h */,
				348903911B65D263002B9B72 /* JokeCell.m */,
				348903B01B65D921002B9B72 /* JokeModel.h */,
				348903B11B65D921002B9B72 /* JokeModel.m */,
			);
			name = Joke;
			sourceTree = "<group>";
		};
		347858C71B69B6710034696F /* Picture */ = {
			isa = PBXGroup;
			children = (
				348904571B666705002B9B72 /* PictureCell.h */,
				348904581B666705002B9B72 /* PictureCell.m */,
				3489045A1B666718002B9B72 /* PictureModel.h */,
				3489045B1B666718002B9B72 /* PictureModel.m */,
			);
			name = Picture;
			sourceTree = "<group>";
		};
		347858C81B69B6840034696F /* Video */ = {
			isa = PBXGroup;
			children = (
				347DADA91B6764E800E2C318 /* VideoCell.h */,
				347DADAA1B6764E800E2C318 /* VideoCell.m */,
				347DADAC1B67650000E2C318 /* VideoModel.h */,
				347DADAD1B67650000E2C318 /* VideoModel.m */,
				347858881B68AD560034696F /* AVPalyerView.h */,
				347858891B68AD560034696F /* AVPalyerView.m */,
			);
			name = Video;
			sourceTree = "<group>";
		};
		347DADA51B67635400E2C318 /* Video */ = {
			isa = PBXGroup;
			children = (
				347DADA61B6764D100E2C318 /* VideoTVC.h */,
				347DADA71B6764D100E2C318 /* VideoTVC.m */,
			);
			name = Video;
			sourceTree = "<group>";
		};
		347DADAF1B67652700E2C318 /* Joke */ = {
			isa = PBXGroup;
			children = (
				34EA104C1B637182004FC656 /* ViewController.h */,
				34EA104D1B637182004FC656 /* ViewController.m */,
			);
			name = Joke;
			sourceTree = "<group>";
		};
		3489038D1B65D205002B9B72 /* Helpers */ = {
			isa = PBXGroup;
			children = (
				344E49021B6CCB5E0007353C /* Download */,
				344E48FC1B6CA1450007353C /* LBorderView.h */,
				344E48FD1B6CA1450007353C /* LBorderView.m */,
				34CAA24C1B6A2D6B00390E86 /* SDWebImage */,
				34CAA21E1B69FE7700390E86 /* Menu */,
				347858C91B69D6D10034696F /* MBProgressHUD.h */,
				347858CA1B69D6D10034696F /* MBProgressHUD.m */,
				3489040C1B664B3D002B9B72 /* MJRefresh */,
				348904021B660DAC002B9B72 /* LinesLabel.h */,
				348904031B660DAC002B9B72 /* LinesLabel.m */,
				348903B31B65DD34002B9B72 /* AFNetworking */,
			);
			name = Helpers;
			sourceTree = "<group>";
		};
		3489038E1B65D217002B9B72 /* General */ = {
			isa = PBXGroup;
			children = (
				344E49061B6CCD9D0007353C /* Download */,
				347858C81B69B6840034696F /* Video */,
				347858C71B69B6710034696F /* Picture */,
				347858C61B69B6660034696F /* Joke */,
				348904081B6620AF002B9B72 /* AnimationButton */,
			);
			name = General;
			sourceTree = "<group>";
		};
		3489038F1B65D222002B9B72 /* Sections */ = {
			isa = PBXGroup;
			children = (
				34D605EC1B6B961D005D72F3 /* DownloadVC */,
				34CAA2361B6A024100390E86 /* Menu */,
				347DADAF1B67652700E2C318 /* Joke */,
				347DADA51B67635400E2C318 /* Video */,
				3489045D1B66671C002B9B72 /* Picture */,
			);
			name = Sections;
			sourceTree = "<group>";
		};
		348903B31B65DD34002B9B72 /* AFNetworking */ = {
			isa = PBXGroup;
			children = (
				348903B41B65DD34002B9B72 /* AFHTTPRequestOperation.h */,
				348903B51B65DD34002B9B72 /* AFHTTPRequestOperation.m */,
				348903B61B65DD34002B9B72 /* AFHTTPRequestOperationManager.h */,
				348903B71B65DD34002B9B72 /* AFHTTPRequestOperationManager.m */,
				348903B81B65DD34002B9B72 /* AFHTTPSessionManager.h */,
				348903B91B65DD34002B9B72 /* AFHTTPSessionManager.m */,
				348903BA1B65DD34002B9B72 /* AFNetworking.h */,
				348903BB1B65DD34002B9B72 /* AFNetworkReachabilityManager.h */,
				348903BC1B65DD34002B9B72 /* AFNetworkReachabilityManager.m */,
				348903BD1B65DD34002B9B72 /* AFSecurityPolicy.h */,
				348903BE1B65DD34002B9B72 /* AFSecurityPolicy.m */,
				348903BF1B65DD34002B9B72 /* AFURLConnectionOperation.h */,
				348903C01B65DD34002B9B72 /* AFURLConnectionOperation.m */,
				348903C11B65DD34002B9B72 /* AFURLRequestSerialization.h */,
				348903C21B65DD34002B9B72 /* AFURLRequestSerialization.m */,
				348903C31B65DD34002B9B72 /* AFURLResponseSerialization.h */,
				348903C41B65DD34002B9B72 /* AFURLResponseSerialization.m */,
				348903C51B65DD34002B9B72 /* AFURLSessionManager.h */,
				348903C61B65DD34002B9B72 /* AFURLSessionManager.m */,
			);
			path = AFNetworking;
			sourceTree = "<group>";
		};
		348904081B6620AF002B9B72 /* AnimationButton */ = {
			isa = PBXGroup;
			children = (
				348904051B662014002B9B72 /* AnimationButton.h */,
				348904061B662014002B9B72 /* AnimationButton.m */,
				348904091B6620CD002B9B72 /* MCFireworksView.h */,
				3489040A1B6620CD002B9B72 /* MCFireworksView.m */,
			);
			name = AnimationButton;
			sourceTree = "<group>";
		};
		3489040C1B664B3D002B9B72 /* MJRefresh */ = {
			isa = PBXGroup;
			children = (
				3489040D1B664B3D002B9B72 /* Base */,
				348904181B664B3D002B9B72 /* Custom */,
				3489042F1B664B3D002B9B72 /* MJRefresh.bundle */,
				348904301B664B3D002B9B72 /* MJRefresh.h */,
				348904311B664B3D002B9B72 /* MJRefreshConst.h */,
				348904321B664B3D002B9B72 /* MJRefreshConst.m */,
				348904331B664B3D002B9B72 /* UIScrollView+MJExtension.h */,
				348904341B664B3D002B9B72 /* UIScrollView+MJExtension.m */,
				348904351B664B3D002B9B72 /* UIScrollView+MJRefresh.h */,
				348904361B664B3D002B9B72 /* UIScrollView+MJRefresh.m */,
				348904371B664B3D002B9B72 /* UIView+MJExtension.h */,
				348904381B664B3D002B9B72 /* UIView+MJExtension.m */,
			);
			path = MJRefresh;
			sourceTree = "<group>";
		};
		3489040D1B664B3D002B9B72 /* Base */ = {
			isa = PBXGroup;
			children = (
				3489040E1B664B3D002B9B72 /* MJRefreshAutoFooter.h */,
				3489040F1B664B3D002B9B72 /* MJRefreshAutoFooter.m */,
				348904101B664B3D002B9B72 /* MJRefreshBackFooter.h */,
				348904111B664B3D002B9B72 /* MJRefreshBackFooter.m */,
				348904121B664B3D002B9B72 /* MJRefreshComponent.h */,
				348904131B664B3D002B9B72 /* MJRefreshComponent.m */,
				348904141B664B3D002B9B72 /* MJRefreshFooter.h */,
				348904151B664B3D002B9B72 /* MJRefreshFooter.m */,
				348904161B664B3D002B9B72 /* MJRefreshHeader.h */,
				348904171B664B3D002B9B72 /* MJRefreshHeader.m */,
			);
			path = Base;
			sourceTree = "<group>";
		};
		348904181B664B3D002B9B72 /* Custom */ = {
			isa = PBXGroup;
			children = (
				348904191B664B3D002B9B72 /* Footer */,
				348904281B664B3D002B9B72 /* Header */,
			);
			path = Custom;
			sourceTree = "<group>";
		};
		348904191B664B3D002B9B72 /* Footer */ = {
			isa = PBXGroup;
			children = (
				3489041A1B664B3D002B9B72 /* Auto */,
				348904211B664B3D002B9B72 /* Back */,
			);
			path = Footer;
			sourceTree = "<group>";
		};
		3489041A1B664B3D002B9B72 /* Auto */ = {
			isa = PBXGroup;
			children = (
				3489041B1B664B3D002B9B72 /* MJRefreshAutoGifFooter.h */,
				3489041C1B664B3D002B9B72 /* MJRefreshAutoGifFooter.m */,
				3489041D1B664B3D002B9B72 /* MJRefreshAutoNormalFooter.h */,
				3489041E1B664B3D002B9B72 /* MJRefreshAutoNormalFooter.m */,
				3489041F1B664B3D002B9B72 /* MJRefreshAutoStateFooter.h */,
				348904201B664B3D002B9B72 /* MJRefreshAutoStateFooter.m */,
			);
			path = Auto;
			sourceTree = "<group>";
		};
		348904211B664B3D002B9B72 /* Back */ = {
			isa = PBXGroup;
			children = (
				348904221B664B3D002B9B72 /* MJRefreshBackGifFooter.h */,
				348904231B664B3D002B9B72 /* MJRefreshBackGifFooter.m */,
				348904241B664B3D002B9B72 /* MJRefreshBackNormalFooter.h */,
				348904251B664B3D002B9B72 /* MJRefreshBackNormalFooter.m */,
				348904261B664B3D002B9B72 /* MJRefreshBackStateFooter.h */,
				348904271B664B3D002B9B72 /* MJRefreshBackStateFooter.m */,
			);
			path = Back;
			sourceTree = "<group>";
		};
		348904281B664B3D002B9B72 /* Header */ = {
			isa = PBXGroup;
			children = (
				348904291B664B3D002B9B72 /* MJRefreshGifHeader.h */,
				3489042A1B664B3D002B9B72 /* MJRefreshGifHeader.m */,
				3489042B1B664B3D002B9B72 /* MJRefreshNormalHeader.h */,
				3489042C1B664B3D002B9B72 /* MJRefreshNormalHeader.m */,
				3489042D1B664B3D002B9B72 /* MJRefreshStateHeader.h */,
				3489042E1B664B3D002B9B72 /* MJRefreshStateHeader.m */,
			);
			path = Header;
			sourceTree = "<group>";
		};
		3489045D1B66671C002B9B72 /* Picture */ = {
			isa = PBXGroup;
			children = (
				348904541B6666B1002B9B72 /* PictureTableViewController.h */,
				348904551B6666B1002B9B72 /* PictureTableViewController.m */,
			);
			name = Picture;
			sourceTree = "<group>";
		};
		34CAA21E1B69FE7700390E86 /* Menu */ = {
			isa = PBXGroup;
			children = (
				34CAA22A1B69FEEC00390E86 /* SelectView */,
				34CAA2291B69FED900390E86 /* UIimage */,
				34CAA2251B69FEA900390E86 /* View */,
			);
			name = Menu;
			sourceTree = "<group>";
		};
		34CAA2251B69FEA900390E86 /* View */ = {
			isa = PBXGroup;
			children = (
				34CAA2261B69FED600390E86 /* CXDynamicModuleView.h */,
				34CAA2271B69FED600390E86 /* CXDynamicModuleView.m */,
			);
			name = View;
			sourceTree = "<group>";
		};
		34CAA2291B69FED900390E86 /* UIimage */ = {
			isa = PBXGroup;
			children = (
				34CAA21F1B69FEA000390E86 /* UIImage+BlurredFrame.h */,
				34CAA2201B69FEA000390E86 /* UIImage+BlurredFrame.m */,
				34CAA2211B69FEA000390E86 /* UIImage+ImageEffects.h */,
				34CAA2221B69FEA000390E86 /* UIImage+ImageEffects.m */,
			);
			name = UIimage;
			sourceTree = "<group>";
		};
		34CAA22A1B69FEEC00390E86 /* SelectView */ = {
			isa = PBXGroup;
			children = (
				34CAA22B1B69FEFF00390E86 /* SelectView.h */,
				34CAA22C1B69FEFF00390E86 /* SelectView.m */,
				34CAA22D1B69FEFF00390E86 /* SelectView.xib */,
				34CAA22E1B69FEFF00390E86 /* BaseButton.h */,
				34CAA22F1B69FEFF00390E86 /* BaseButton.m */,
				34CAA2301B69FEFF00390E86 /* BluePageControl.h */,
				34CAA2311B69FEFF00390E86 /* BluePageControl.m */,
			);
			name = SelectView;
			sourceTree = "<group>";
		};
		34CAA2361B6A024100390E86 /* Menu */ = {
			isa = PBXGroup;
			children = (
				34CAA23A1B6A180400390E86 /* RootTabBarViewController.h */,
				34CAA23B1B6A180400390E86 /* RootTabBarViewController.m */,
			);
			name = Menu;
			sourceTree = "<group>";
		};
		34CAA24C1B6A2D6B00390E86 /* SDWebImage */ = {
			isa = PBXGroup;
			children = (
				34CAA24D1B6A2D7C00390E86 /* MKAnnotationView+WebCache.h */,
				34CAA24E1B6A2D7C00390E86 /* MKAnnotationView+WebCache.m */,
				34CAA24F1B6A2D7C00390E86 /* NSData+ImageContentType.h */,
				34CAA2501B6A2D7C00390E86 /* NSData+ImageContentType.m */,
				34CAA2511B6A2D7C00390E86 /* SDImageCache.h */,
				34CAA2521B6A2D7C00390E86 /* SDImageCache.m */,
				34CAA2531B6A2D7C00390E86 /* SDWebImageCompat.h */,
				34CAA2541B6A2D7C00390E86 /* SDWebImageCompat.m */,
				34CAA2551B6A2D7C00390E86 /* SDWebImageDecoder.h */,
				34CAA2561B6A2D7C00390E86 /* SDWebImageDecoder.m */,
				34CAA2571B6A2D7C00390E86 /* SDWebImageDownloader.h */,
				34CAA2581B6A2D7C00390E86 /* SDWebImageDownloader.m */,
				34CAA2591B6A2D7C00390E86 /* SDWebImageDownloaderOperation.h */,
				34CAA25A1B6A2D7C00390E86 /* SDWebImageDownloaderOperation.m */,
				34CAA25B1B6A2D7C00390E86 /* SDWebImageManager.h */,
				34CAA25C1B6A2D7C00390E86 /* SDWebImageManager.m */,
				34CAA25D1B6A2D7C00390E86 /* SDWebImageOperation.h */,
				34CAA25E1B6A2D7C00390E86 /* SDWebImagePrefetcher.h */,
				34CAA25F1B6A2D7C00390E86 /* SDWebImagePrefetcher.m */,
				34CAA2601B6A2D7C00390E86 /* UIButton+WebCache.h */,
				34CAA2611B6A2D7C00390E86 /* UIButton+WebCache.m */,
				34CAA2621B6A2D7C00390E86 /* UIImage+GIF.h */,
				34CAA2631B6A2D7C00390E86 /* UIImage+GIF.m */,
				34CAA2641B6A2D7C00390E86 /* UIImage+MultiFormat.h */,
				34CAA2651B6A2D7C00390E86 /* UIImage+MultiFormat.m */,
				34CAA2661B6A2D7C00390E86 /* UIImage+WebP.h */,
				34CAA2671B6A2D7C00390E86 /* UIImage+WebP.m */,
				34CAA2681B6A2D7C00390E86 /* UIImageView+HighlightedWebCache.h */,
				34CAA2691B6A2D7C00390E86 /* UIImageView+HighlightedWebCache.m */,
				34CAA26A1B6A2D7C00390E86 /* UIImageView+WebCache.h */,
				34CAA26B1B6A2D7C00390E86 /* UIImageView+WebCache.m */,
				34CAA26C1B6A2D7C00390E86 /* UIView+WebCacheOperation.h */,
				34CAA26D1B6A2D7C00390E86 /* UIView+WebCacheOperation.m */,
			);
			name = SDWebImage;
			sourceTree = "<group>";
		};
		34D605EC1B6B961D005D72F3 /* DownloadVC */ = {
			isa = PBXGroup;
			children = (
				344E48E81B6C5D3C0007353C /* DownloadViewController.h */,
				344E48E91B6C5D3C0007353C /* DownloadViewController.m */,
				344E48EA1B6C5D3C0007353C /* DownloadViewController.xib */,
				344E490A1B6CDE2D0007353C /* WaterFlowViewController.h */,
				344E490B1B6CDE2D0007353C /* WaterFlowViewController.m */,
				344E49031B6CCD860007353C /* WaterFlowLayout.h */,
				344E49041B6CCD860007353C /* WaterFlowLayout.m */,
			);
			name = DownloadVC;
			sourceTree = "<group>";
		};
		34EA10361B637182004FC656 = {
			isa = PBXGroup;
			children = (
				34EA10411B637182004FC656 /* JOKE */,
				34EA105E1B637182004FC656 /* JOKETests */,
				34EA10401B637182004FC656 /* Products */,
			);
			sourceTree = "<group>";
		};
		34EA10401B637182004FC656 /* Products */ = {
			isa = PBXGroup;
			children = (
				34EA103F1B637182004FC656 /* JOKE.app */,
				34EA105B1B637182004FC656 /* JOKETests.xctest */,
			);
			name = Products;
			sourceTree = "<group>";
		};
		34EA10411B637182004FC656 /* JOKE */ = {
			isa = PBXGroup;
			children = (
				3491B1151B6B795000F0557F /* placeholderImage.gif */,
				344E48F41B6C79120007353C /* image.png */,
				3489038F1B65D222002B9B72 /* Sections */,
				3489038E1B65D217002B9B72 /* General */,
				3489038D1B65D205002B9B72 /* Helpers */,
				34EA10461B637182004FC656 /* AppDelegate.h */,
				34EA10471B637182004FC656 /* AppDelegate.m */,
				34EA104F1B637182004FC656 /* Main.storyboard */,
				34EA10521B637182004FC656 /* Images.xcassets */,
				34EA10541B637182004FC656 /* LaunchScreen.xib */,
				34EA10491B637182004FC656 /* JOKE.xcdatamodeld */,
				346286AD1B6F798200DF9725 /* Movie.h */,
				346286AE1B6F798200DF9725 /* Movie.m */,
				34EA10421B637182004FC656 /* Supporting Files */,
				348904501B664E97002B9B72 /* PrefixHeader.pch */,
			);
			path = JOKE;
			sourceTree = "<group>";
		};
		34EA10421B637182004FC656 /* Supporting Files */ = {
			isa = PBXGroup;
			children = (
				34EA10431B637182004FC656 /* Info.plist */,
				34EA10441B637182004FC656 /* main.m */,
			);
			name = "Supporting Files";
			sourceTree = "<group>";
		};
		34EA105E1B637182004FC656 /* JOKETests */ = {
			isa = PBXGroup;
			children = (
				34EA10611B637182004FC656 /* JOKETests.m */,
				34EA105F1B637182004FC656 /* Supporting Files */,
			);
			path = JOKETests;
			sourceTree = "<group>";
		};
		34EA105F1B637182004FC656 /* Supporting Files */ = {
			isa = PBXGroup;
			children = (
				34EA10601B637182004FC656 /* Info.plist */,
			);
			name = "Supporting Files";
			sourceTree = "<group>";
		};
/* End PBXGroup section */

/* Begin PBXNativeTarget section */
		34EA103E1B637182004FC656 /* JOKE */ = {
			isa = PBXNativeTarget;
			buildConfigurationList = 34EA10651B637182004FC656 /* Build configuration list for PBXNativeTarget "JOKE" */;
			buildPhases = (
				34EA103B1B637182004FC656 /* Sources */,
				34EA103C1B637182004FC656 /* Frameworks */,
				34EA103D1B637182004FC656 /* Resources */,
			);
			buildRules = (
			);
			dependencies = (
			);
			name = JOKE;
			productName = JOKE;
			productReference = 34EA103F1B637182004FC656 /* JOKE.app */;
			productType = "com.apple.product-type.application";
		};
		34EA105A1B637182004FC656 /* JOKETests */ = {
			isa = PBXNativeTarget;
			buildConfigurationList = 34EA10681B637182004FC656 /* Build configuration list for PBXNativeTarget "JOKETests" */;
			buildPhases = (
				34EA10571B637182004FC656 /* Sources */,
				34EA10581B637182004FC656 /* Frameworks */,
				34EA10591B637182004FC656 /* Resources */,
			);
			buildRules = (
			);
			dependencies = (
				34EA105D1B637182004FC656 /* PBXTargetDependency */,
			);
			name = JOKETests;
			productName = JOKETests;
			productReference = 34EA105B1B637182004FC656 /* JOKETests.xctest */;
			productType = "com.apple.product-type.bundle.unit-test";
		};
/* End PBXNativeTarget section */

/* Begin PBXProject section */
		34EA10371B637182004FC656 /* Project object */ = {
			isa = PBXProject;
			attributes = {
				LastUpgradeCheck = 0610;
				ORGANIZATIONNAME = "ACE--赵肖杰";
				TargetAttributes = {
					34EA103E1B637182004FC656 = {
						CreatedOnToolsVersion = 6.1;
					};
					34EA105A1B637182004FC656 = {
						CreatedOnToolsVersion = 6.1;
						TestTargetID = 34EA103E1B637182004FC656;
					};
				};
			};
			buildConfigurationList = 34EA103A1B637182004FC656 /* Build configuration list for PBXProject "JOKE" */;
			compatibilityVersion = "Xcode 3.2";
			developmentRegion = English;
			hasScannedForEncodings = 0;
			knownRegions = (
				en,
				Base,
			);
			mainGroup = 34EA10361B637182004FC656;
			productRefGroup = 34EA10401B637182004FC656 /* Products */;
			projectDirPath = "";
			projectRoot = "";
			targets = (
				34EA103E1B637182004FC656 /* JOKE */,
				34EA105A1B637182004FC656 /* JOKETests */,
			);
		};
/* End PBXProject section */

/* Begin PBXResourcesBuildPhase section */
		34EA103D1B637182004FC656 /* Resources */ = {
			isa = PBXResourcesBuildPhase;
			buildActionMask = 2147483647;
			files = (
				34EA10511B637182004FC656 /* Main.storyboard in Resources */,
				34EA10561B637182004FC656 /* LaunchScreen.xib in Resources */,
				3491B1161B6B795000F0557F /* placeholderImage.gif in Resources */,
				348904471B664B3D002B9B72 /* MJRefresh.bundle in Resources */,
				34CAA2331B69FEFF00390E86 /* SelectView.xib in Resources */,
				344E48EC1B6C5D3C0007353C /* DownloadViewController.xib in Resources */,
				34EA10531B637182004FC656 /* Images.xcassets in Resources */,
				344E48F51B6C79120007353C /* image.png in Resources */,
			);
			runOnlyForDeploymentPostprocessing = 0;
		};
		34EA10591B637182004FC656 /* Resources */ = {
			isa = PBXResourcesBuildPhase;
			buildActionMask = 2147483647;
			files = (
			);
			runOnlyForDeploymentPostprocessing = 0;
		};
/* End PBXResourcesBuildPhase section */

/* Begin PBXSourcesBuildPhase section */
		34EA103B1B637182004FC656 /* Sources */ = {
			isa = PBXSourcesBuildPhase;
			buildActionMask = 2147483647;
			files = (
				34CAA2351B69FEFF00390E86 /* BluePageControl.m in Sources */,
				3489043B1B664B3D002B9B72 /* MJRefreshComponent.m in Sources */,
				348904461B664B3D002B9B72 /* MJRefreshStateHeader.m in Sources */,
				34CAA27A1B6A2D7C00390E86 /* UIImage+WebP.m in Sources */,
				348904451B664B3D002B9B72 /* MJRefreshNormalHeader.m in Sources */,
				348904491B664B3D002B9B72 /* UIScrollView+MJExtension.m in Sources */,
				348904401B664B3D002B9B72 /* MJRefreshAutoStateFooter.m in Sources */,
				347858CB1B69D6D10034696F /* MBProgressHUD.m in Sources */,
				348904041B660DAC002B9B72 /* LinesLabel.m in Sources */,
				344E48FE1B6CA1450007353C /* LBorderView.m in Sources */,
				3478588A1B68AD560034696F /* AVPalyerView.m in Sources */,
				348903CF1B65DD34002B9B72 /* AFURLSessionManager.m in Sources */,
				3489043E1B664B3D002B9B72 /* MJRefreshAutoGifFooter.m in Sources */,
				3489043A1B664B3D002B9B72 /* MJRefreshBackFooter.m in Sources */,
				348903B21B65D921002B9B72 /* JokeModel.m in Sources */,
				34CAA26F1B6A2D7C00390E86 /* NSData+ImageContentType.m in Sources */,
				34EA10481B637182004FC656 /* AppDelegate.m in Sources */,
				3489043C1B664B3D002B9B72 /* MJRefreshFooter.m in Sources */,
				348903CA1B65DD34002B9B72 /* AFNetworkReachabilityManager.m in Sources */,
				34CAA2771B6A2D7C00390E86 /* UIButton+WebCache.m in Sources */,
				34CAA2341B69FEFF00390E86 /* BaseButton.m in Sources */,
				3489045C1B666718002B9B72 /* PictureModel.m in Sources */,
				344E49091B6CCDC50007353C /* WeaterFlowCell.m in Sources */,
				348903921B65D263002B9B72 /* JokeCell.m in Sources */,
				348904391B664B3D002B9B72 /* MJRefreshAutoFooter.m in Sources */,
				34CAA2761B6A2D7C00390E86 /* SDWebImagePrefetcher.m in Sources */,
				348904481B664B3D002B9B72 /* MJRefreshConst.m in Sources */,
				34CAA2711B6A2D7C00390E86 /* SDWebImageCompat.m in Sources */,
				348903CC1B65DD34002B9B72 /* AFURLConnectionOperation.m in Sources */,
				348903C91B65DD34002B9B72 /* AFHTTPSessionManager.m in Sources */,
				348903CD1B65DD34002B9B72 /* AFURLRequestSerialization.m in Sources */,
				344E48EB1B6C5D3C0007353C /* DownloadViewController.m in Sources */,
				346286AF1B6F798200DF9725 /* Movie.m in Sources */,
				348904421B664B3D002B9B72 /* MJRefreshBackNormalFooter.m in Sources */,
				348904441B664B3D002B9B72 /* MJRefreshGifHeader.m in Sources */,
				34CAA2721B6A2D7C00390E86 /* SDWebImageDecoder.m in Sources */,
				34CAA2321B69FEFF00390E86 /* SelectView.m in Sources */,
				348904431B664B3D002B9B72 /* MJRefreshBackStateFooter.m in Sources */,
				348904071B662014002B9B72 /* AnimationButton.m in Sources */,
				344E49051B6CCD860007353C /* WaterFlowLayout.m in Sources */,
				3489044B1B664B3D002B9B72 /* UIView+MJExtension.m in Sources */,
				3489043F1B664B3D002B9B72 /* MJRefreshAutoNormalFooter.m in Sources */,
				34CAA2231B69FEA000390E86 /* UIImage+BlurredFrame.m in Sources */,
				34CAA27B1B6A2D7C00390E86 /* UIImageView+HighlightedWebCache.m in Sources */,
				34EA104B1B637182004FC656 /* JOKE.xcdatamodeld in Sources */,
				34EA104E1B637182004FC656 /* ViewController.m in Sources */,
				34EA10451B637182004FC656 /* main.m in Sources */,
				34CAA27D1B6A2D7C00390E86 /* UIView+WebCacheOperation.m in Sources */,
				348903C81B65DD34002B9B72 /* AFHTTPRequestOperationManager.m in Sources */,
				34CAA2701B6A2D7C00390E86 /* SDImageCache.m in Sources */,
				34CAA27C1B6A2D7C00390E86 /* UIImageView+WebCache.m in Sources */,
				34CAA2281B69FED600390E86 /* CXDynamicModuleView.m in Sources */,
				348903CB1B65DD34002B9B72 /* AFSecurityPolicy.m in Sources */,
				34CAA2781B6A2D7C00390E86 /* UIImage+GIF.m in Sources */,
				3489044A1B664B3D002B9B72 /* UIScrollView+MJRefresh.m in Sources */,
				347DADA81B6764D100E2C318 /* VideoTVC.m in Sources */,
				3489043D1B664B3D002B9B72 /* MJRefreshHeader.m in Sources */,
				347DADAE1B67650000E2C318 /* VideoModel.m in Sources */,
				348903CE1B65DD34002B9B72 /* AFURLResponseSerialization.m in Sources */,
				347DADAB1B6764E800E2C318 /* VideoCell.m in Sources */,
				348904591B666705002B9B72 /* PictureCell.m in Sources */,
				34CAA2791B6A2D7C00390E86 /* UIImage+MultiFormat.m in Sources */,
				348904411B664B3D002B9B72 /* MJRefreshBackGifFooter.m in Sources */,
				34CAA2241B69FEA000390E86 /* UIImage+ImageEffects.m in Sources */,
				344E490C1B6CDE2D0007353C /* WaterFlowViewController.m in Sources */,
				344E48EF1B6C5FC90007353C /* iCarousel.m in Sources */,
				34CAA23C1B6A180400390E86 /* RootTabBarViewController.m in Sources */,
				34CAA2751B6A2D7C00390E86 /* SDWebImageManager.m in Sources */,
				34CAA2731B6A2D7C00390E86 /* SDWebImageDownloader.m in Sources */,
				348903C71B65DD34002B9B72 /* AFHTTPRequestOperation.m in Sources */,
				34CAA2741B6A2D7C00390E86 /* SDWebImageDownloaderOperation.m in Sources */,
				34CAA26E1B6A2D7C00390E86 /* MKAnnotationView+WebCache.m in Sources */,
				348904561B6666B1002B9B72 /* PictureTableViewController.m in Sources */,
				3489040B1B6620CD002B9B72 /* MCFireworksView.m in Sources */,
			);
			runOnlyForDeploymentPostprocessing = 0;
		};
		34EA10571B637182004FC656 /* Sources */ = {
			isa = PBXSourcesBuildPhase;
			buildActionMask = 2147483647;
			files = (
				34EA10621B637182004FC656 /* JOKETests.m in Sources */,
			);
			runOnlyForDeploymentPostprocessing = 0;
		};
/* End PBXSourcesBuildPhase section */

/* Begin PBXTargetDependency section */
		34EA105D1B637182004FC656 /* PBXTargetDependency */ = {
			isa = PBXTargetDependency;
			target = 34EA103E1B637182004FC656 /* JOKE */;
			targetProxy = 34EA105C1B637182004FC656 /* PBXContainerItemProxy */;
		};
/* End PBXTargetDependency section */

/* Begin PBXVariantGroup section */
		34EA104F1B637182004FC656 /* Main.storyboard */ = {
			isa = PBXVariantGroup;
			children = (
				34EA10501B637182004FC656 /* Base */,
			);
			name = Main.storyboard;
			sourceTree = "<group>";
		};
		34EA10541B637182004FC656 /* LaunchScreen.xib */ = {
			isa = PBXVariantGroup;
			children = (
				34EA10551B637182004FC656 /* Base */,
			);
			name = LaunchScreen.xib;
			sourceTree = "<group>";
		};
/* End PBXVariantGroup section */

/* Begin XCBuildConfiguration section */
		34EA10631B637182004FC656 /* Debug */ = {
			isa = XCBuildConfiguration;
			buildSettings = {
				ALWAYS_SEARCH_USER_PATHS = NO;
				CLANG_CXX_LANGUAGE_STANDARD = "gnu++0x";
				CLANG_CXX_LIBRARY = "libc++";
				CLANG_ENABLE_MODULES = YES;
				CLANG_ENABLE_OBJC_ARC = YES;
				CLANG_WARN_BOOL_CONVERSION = YES;
				CLANG_WARN_CONSTANT_CONVERSION = YES;
				CLANG_WARN_DIRECT_OBJC_ISA_USAGE = YES_ERROR;
				CLANG_WARN_EMPTY_BODY = YES;
				CLANG_WARN_ENUM_CONVERSION = YES;
				CLANG_WARN_INT_CONVERSION = YES;
				CLANG_WARN_OBJC_ROOT_CLASS = YES_ERROR;
				CLANG_WARN_UNREACHABLE_CODE = YES;
				CLANG_WARN__DUPLICATE_METHOD_MATCH = YES;
				"CODE_SIGN_IDENTITY[sdk=iphoneos*]" = "iPhone Developer";
				COPY_PHASE_STRIP = NO;
				ENABLE_STRICT_OBJC_MSGSEND = YES;
				GCC_C_LANGUAGE_STANDARD = gnu99;
				GCC_DYNAMIC_NO_PIC = NO;
				GCC_OPTIMIZATION_LEVEL = 0;
				GCC_PREPROCESSOR_DEFINITIONS = (
					"DEBUG=1",
					"$(inherited)",
				);
				GCC_SYMBOLS_PRIVATE_EXTERN = NO;
				GCC_WARN_64_TO_32_BIT_CONVERSION = YES;
				GCC_WARN_ABOUT_RETURN_TYPE = YES_ERROR;
				GCC_WARN_UNDECLARED_SELECTOR = YES;
				GCC_WARN_UNINITIALIZED_AUTOS = YES_AGGRESSIVE;
				GCC_WARN_UNUSED_FUNCTION = YES;
				GCC_WARN_UNUSED_VARIABLE = YES;
				IPHONEOS_DEPLOYMENT_TARGET = 8.1;
				MTL_ENABLE_DEBUG_INFO = YES;
				ONLY_ACTIVE_ARCH = YES;
				SDKROOT = iphoneos;
			};
			name = Debug;
		};
		34EA10641B637182004FC656 /* Release */ = {
			isa = XCBuildConfiguration;
			buildSettings = {
				ALWAYS_SEARCH_USER_PATHS = NO;
				CLANG_CXX_LANGUAGE_STANDARD = "gnu++0x";
				CLANG_CXX_LIBRARY = "libc++";
				CLANG_ENABLE_MODULES = YES;
				CLANG_ENABLE_OBJC_ARC = YES;
				CLANG_WARN_BOOL_CONVERSION = YES;
				CLANG_WARN_CONSTANT_CONVERSION = YES;
				CLANG_WARN_DIRECT_OBJC_ISA_USAGE = YES_ERROR;
				CLANG_WARN_EMPTY_BODY = YES;
				CLANG_WARN_ENUM_CONVERSION = YES;
				CLANG_WARN_INT_CONVERSION = YES;
				CLANG_WARN_OBJC_ROOT_CLASS = YES_ERROR;
				CLANG_WARN_UNREACHABLE_CODE = YES;
				CLANG_WARN__DUPLICATE_METHOD_MATCH = YES;
				"CODE_SIGN_IDENTITY[sdk=iphoneos*]" = "iPhone Developer";
				COPY_PHASE_STRIP = YES;
				ENABLE_NS_ASSERTIONS = NO;
				ENABLE_STRICT_OBJC_MSGSEND = YES;
				GCC_C_LANGUAGE_STANDARD = gnu99;
				GCC_WARN_64_TO_32_BIT_CONVERSION = YES;
				GCC_WARN_ABOUT_RETURN_TYPE = YES_ERROR;
				GCC_WARN_UNDECLARED_SELECTOR = YES;
				GCC_WARN_UNINITIALIZED_AUTOS = YES_AGGRESSIVE;
				GCC_WARN_UNUSED_FUNCTION = YES;
				GCC_WARN_UNUSED_VARIABLE = YES;
				IPHONEOS_DEPLOYMENT_TARGET = 8.1;
				MTL_ENABLE_DEBUG_INFO = NO;
				SDKROOT = iphoneos;
				VALIDATE_PRODUCT = YES;
			};
			name = Release;
		};
		34EA10661B637182004FC656 /* Debug */ = {
			isa = XCBuildConfiguration;
			buildSettings = {
				ASSETCATALOG_COMPILER_APPICON_NAME = AppIcon;
				GCC_PREFIX_HEADER = "$(SRCROOT)/JOKE/PrefixHeader.pch";
				INFOPLIST_FILE = JOKE/Info.plist;
				LD_RUNPATH_SEARCH_PATHS = "$(inherited) @executable_path/Frameworks";
				PRODUCT_NAME = "$(TARGET_NAME)";
			};
			name = Debug;
		};
		34EA10671B637182004FC656 /* Release */ = {
			isa = XCBuildConfiguration;
			buildSettings = {
				ASSETCATALOG_COMPILER_APPICON_NAME = AppIcon;
				GCC_PREFIX_HEADER = "$(SRCROOT)/JOKE/PrefixHeader.pch";
				INFOPLIST_FILE = JOKE/Info.plist;
				LD_RUNPATH_SEARCH_PATHS = "$(inherited) @executable_path/Frameworks";
				PRODUCT_NAME = "$(TARGET_NAME)";
			};
			name = Release;
		};
		34EA10691B637182004FC656 /* Debug */ = {
			isa = XCBuildConfiguration;
			buildSettings = {
				BUNDLE_LOADER = "$(TEST_HOST)";
				FRAMEWORK_SEARCH_PATHS = (
					"$(SDKROOT)/Developer/Library/Frameworks",
					"$(inherited)",
				);
				GCC_PREPROCESSOR_DEFINITIONS = (
					"DEBUG=1",
					"$(inherited)",
				);
				INFOPLIST_FILE = JOKETests/Info.plist;
				LD_RUNPATH_SEARCH_PATHS = "$(inherited) @executable_path/Frameworks @loader_path/Frameworks";
				PRODUCT_NAME = "$(TARGET_NAME)";
				TEST_HOST = "$(BUILT_PRODUCTS_DIR)/JOKE.app/JOKE";
			};
			name = Debug;
		};
		34EA106A1B637182004FC656 /* Release */ = {
			isa = XCBuildConfiguration;
			buildSettings = {
				BUNDLE_LOADER = "$(TEST_HOST)";
				FRAMEWORK_SEARCH_PATHS = (
					"$(SDKROOT)/Developer/Library/Frameworks",
					"$(inherited)",
				);
				INFOPLIST_FILE = JOKETests/Info.plist;
				LD_RUNPATH_SEARCH_PATHS = "$(inherited) @executable_path/Frameworks @loader_path/Frameworks";
				PRODUCT_NAME = "$(TARGET_NAME)";
				TEST_HOST = "$(BUILT_PRODUCTS_DIR)/JOKE.app/JOKE";
			};
			name = Release;
		};
/* End XCBuildConfiguration section */

/* Begin XCConfigurationList section */
		34EA103A1B637182004FC656 /* Build configuration list for PBXProject "JOKE" */ = {
			isa = XCConfigurationList;
			buildConfigurations = (
				34EA10631B637182004FC656 /* Debug */,
				34EA10641B637182004FC656 /* Release */,
			);
			defaultConfigurationIsVisible = 0;
			defaultConfigurationName = Release;
		};
		34EA10651B637182004FC656 /* Build configuration list for PBXNativeTarget "JOKE" */ = {
			isa = XCConfigurationList;
			buildConfigurations = (
				34EA10661B637182004FC656 /* Debug */,
				34EA10671B637182004FC656 /* Release */,
			);
			defaultConfigurationIsVisible = 0;
			defaultConfigurationName = Release;
		};
		34EA10681B637182004FC656 /* Build configuration list for PBXNativeTarget "JOKETests" */ = {
			isa = XCConfigurationList;
			buildConfigurations = (
				34EA10691B637182004FC656 /* Debug */,
				34EA106A1B637182004FC656 /* Release */,
			);
			defaultConfigurationIsVisible = 0;
			defaultConfigurationName = Release;
		};
/* End XCConfigurationList section */

/* Begin XCVersionGroup section */
		34EA10491B637182004FC656 /* JOKE.xcdatamodeld */ = {
			isa = XCVersionGroup;
			children = (
				34EA104A1B637182004FC656 /* JOKE.xcdatamodel */,
			);
			currentVersion = 34EA104A1B637182004FC656 /* JOKE.xcdatamodel */;
			path = JOKE.xcdatamodeld;
			sourceTree = "<group>";
			versionGroupType = wrapper.xcdatamodel;
		};
/* End XCVersionGroup section */
	};
	rootObject = 34EA10371B637182004FC656 /* Project object */;
}
