// !$*UTF8*$!
{
	archiveVersion = 1;
	classes = {
	};
	objectVersion = 46;
	objects = {

/* Begin PBXBuildFile section */
		348903921B65D263002B9B72 /* JokeCell.m in Sources */ = {isa = PBXBuildFile; fileRef = 348903911B65D263002B9B72 /* JokeCell.m */; };
		348903B21B65D921002B9B72 /* JokeModel.m in Sources */ = {isa = PBXBuildFile; fileRef = 348903B11B65D921002B9B72 /* JokeModel.m */; };
		348903C71B65DD34002B9B72 /* AFHTTPRequestOperation.m in Sources */ = {isa = PBXBuildFile; fileRef = 348903B51B65DD34002B9B72 /* AFHTTPRequestOperation.m */; };
		348903C81B65DD34002B9B72 /* AFHTTPRequestOperationManager.m in Sources */ = {isa = PBXBuildFile; fileRef = 348903B71B65DD34002B9B72 /* AFHTTPRequestOperationManager.m */; };
		348903C91B65DD34002B9B72 /* AFHTTPSessionManager.m in Sources */ = {isa = PBXBuildFile; fileRef = 348903B91B65DD34002B9B72 /* AFHTTPSessionManager.m */; };
		348903CA1B65DD34002B9B72 /* AFNetworkReachabilityManager.m in Sources */ = {isa = PBXBuildFile; fileRef = 348903BC1B65DD34002B9B72 /* AFNetworkReachabilityManager.m */; };
		348903CB1B65DD34002B9B72 /* AFSecurityPolicy.m in Sources */ = {isa = PBXBuildFile; fileRef = 348903BE1B65DD34002B9B72 /* AFSecurityPolicy.m */; };
		348903CC1B65DD34002B9B72 /* AFURLConnectionOperation.m in Sources */ = {isa = PBXBuildFile; fileRef = 348903C01B65DD34002B9B72 /* AFURLConnectionOperation.m */; };
		348903CD1B65DD34002B9B72 /* AFURLRequestSerialization.m in Sources */ = {isa = PBXBuildFile; fileRef = 348903C21B65DD34002B9B72 /* AFURLRequestSerialization.m */; };
		348903CE1B65DD34002B9B72 /* AFURLResponseSerialization.m in Sources */ = {isa = PBXBuildFile; fileRef = 348903C41B65DD34002B9B72 /* AFURLResponseSerialization.m */; };
		348903CF1B65DD34002B9B72 /* AFURLSessionManager.m in Sources */ = {isa = PBXBuildFile; fileRef = 348903C61B65DD34002B9B72 /* AFURLSessionManager.m */; };
		348903F21B660277002B9B72 /* MKAnnotationView+WebCache.m in Sources */ = {isa = PBXBuildFile; fileRef = 348903D21B660277002B9B72 /* MKAnnotationView+WebCache.m */; };
		348903F31B660277002B9B72 /* NSData+ImageContentType.m in Sources */ = {isa = PBXBuildFile; fileRef = 348903D41B660277002B9B72 /* NSData+ImageContentType.m */; };
		348903F41B660277002B9B72 /* SDImageCache.m in Sources */ = {isa = PBXBuildFile; fileRef = 348903D61B660277002B9B72 /* SDImageCache.m */; };
		348903F51B660277002B9B72 /* SDWebImageCompat.m in Sources */ = {isa = PBXBuildFile; fileRef = 348903D81B660277002B9B72 /* SDWebImageCompat.m */; };
		348903F61B660277002B9B72 /* SDWebImageDecoder.m in Sources */ = {isa = PBXBuildFile; fileRef = 348903DA1B660277002B9B72 /* SDWebImageDecoder.m */; };
		348903F71B660277002B9B72 /* SDWebImageDownloader.m in Sources */ = {isa = PBXBuildFile; fileRef = 348903DC1B660277002B9B72 /* SDWebImageDownloader.m */; };
		348903F81B660277002B9B72 /* SDWebImageDownloaderOperation.m in Sources */ = {isa = PBXBuildFile; fileRef = 348903DE1B660277002B9B72 /* SDWebImageDownloaderOperation.m */; };
		348903F91B660277002B9B72 /* SDWebImageManager.m in Sources */ = {isa = PBXBuildFile; fileRef = 348903E01B660277002B9B72 /* SDWebImageManager.m */; };
		348903FA1B660277002B9B72 /* SDWebImagePrefetcher.m in Sources */ = {isa = PBXBuildFile; fileRef = 348903E31B660277002B9B72 /* SDWebImagePrefetcher.m */; };
		348903FB1B660277002B9B72 /* UIButton+WebCache.m in Sources */ = {isa = PBXBuildFile; fileRef = 348903E51B660277002B9B72 /* UIButton+WebCache.m */; };
		348903FC1B660277002B9B72 /* UIImage+GIF.m in Sources */ = {isa = PBXBuildFile; fileRef = 348903E71B660277002B9B72 /* UIImage+GIF.m */; };
		348903FD1B660277002B9B72 /* UIImage+MultiFormat.m in Sources */ = {isa = PBXBuildFile; fileRef = 348903E91B660277002B9B72 /* UIImage+MultiFormat.m */; };
		348903FE1B660277002B9B72 /* UIImage+WebP.m in Sources */ = {isa = PBXBuildFile; fileRef = 348903EB1B660277002B9B72 /* UIImage+WebP.m */; };
		348903FF1B660277002B9B72 /* UIImageView+HighlightedWebCache.m in Sources */ = {isa = PBXBuildFile; fileRef = 348903ED1B660277002B9B72 /* UIImageView+HighlightedWebCache.m */; };
		348904001B660277002B9B72 /* UIImageView+WebCache.m in Sources */ = {isa = PBXBuildFile; fileRef = 348903EF1B660277002B9B72 /* UIImageView+WebCache.m */; };
		348904011B660277002B9B72 /* UIView+WebCacheOperation.m in Sources */ = {isa = PBXBuildFile; fileRef = 348903F11B660277002B9B72 /* UIView+WebCacheOperation.m */; };
		348904041B660DAC002B9B72 /* LinesLabel.m in Sources */ = {isa = PBXBuildFile; fileRef = 348904031B660DAC002B9B72 /* LinesLabel.m */; };
		348904071B662014002B9B72 /* AnimationButton.m in Sources */ = {isa = PBXBuildFile; fileRef = 348904061B662014002B9B72 /* AnimationButton.m */; };
		3489040B1B6620CD002B9B72 /* MCFireworksView.m in Sources */ = {isa = PBXBuildFile; fileRef = 3489040A1B6620CD002B9B72 /* MCFireworksView.m */; };
		34EA10451B637182004FC656 /* main.m in Sources */ = {isa = PBXBuildFile; fileRef = 34EA10441B637182004FC656 /* main.m */; };
		34EA10481B637182004FC656 /* AppDelegate.m in Sources */ = {isa = PBXBuildFile; fileRef = 34EA10471B637182004FC656 /* AppDelegate.m */; };
		34EA104B1B637182004FC656 /* JOKE.xcdatamodeld in Sources */ = {isa = PBXBuildFile; fileRef = 34EA10491B637182004FC656 /* JOKE.xcdatamodeld */; };
		34EA104E1B637182004FC656 /* ViewController.m in Sources */ = {isa = PBXBuildFile; fileRef = 34EA104D1B637182004FC656 /* ViewController.m */; };
		34EA10511B637182004FC656 /* Main.storyboard in Resources */ = {isa = PBXBuildFile; fileRef = 34EA104F1B637182004FC656 /* Main.storyboard */; };
		34EA10531B637182004FC656 /* Images.xcassets in Resources */ = {isa = PBXBuildFile; fileRef = 34EA10521B637182004FC656 /* Images.xcassets */; };
		34EA10561B637182004FC656 /* LaunchScreen.xib in Resources */ = {isa = PBXBuildFile; fileRef = 34EA10541B637182004FC656 /* LaunchScreen.xib */; };
		34EA10621B637182004FC656 /* JOKETests.m in Sources */ = {isa = PBXBuildFile; fileRef = 34EA10611B637182004FC656 /* JOKETests.m */; };
/* End PBXBuildFile section */

/* Begin PBXContainerItemProxy section */
		34EA105C1B637182004FC656 /* PBXContainerItemProxy */ = {
			isa = PBXContainerItemProxy;
			containerPortal = 34EA10371B637182004FC656 /* Project object */;
			proxyType = 1;
			remoteGlobalIDString = 34EA103E1B637182004FC656;
			remoteInfo = JOKE;
		};
/* End PBXContainerItemProxy section */

/* Begin PBXFileReference section */
		348903901B65D263002B9B72 /* JokeCell.h */ = {isa = PBXFileReference; fileEncoding = 4; lastKnownFileType = sourcecode.c.h; path = JokeCell.h; sourceTree = "<group>"; };
		348903911B65D263002B9B72 /* JokeCell.m */ = {isa = PBXFileReference; fileEncoding = 4; lastKnownFileType = sourcecode.c.objc; path = JokeCell.m; sourceTree = "<group>"; };
		348903B01B65D921002B9B72 /* JokeModel.h */ = {isa = PBXFileReference; fileEncoding = 4; lastKnownFileType = sourcecode.c.h; path = JokeModel.h; sourceTree = "<group>"; };
		348903B11B65D921002B9B72 /* JokeModel.m */ = {isa = PBXFileReference; fileEncoding = 4; lastKnownFileType = sourcecode.c.objc; path = JokeModel.m; sourceTree = "<group>"; };
		348903B41B65DD34002B9B72 /* AFHTTPRequestOperation.h */ = {isa = PBXFileReference; fileEncoding = 4; lastKnownFileType = sourcecode.c.h; path = AFHTTPRequestOperation.h; sourceTree = "<group>"; };
		348903B51B65DD34002B9B72 /* AFHTTPRequestOperation.m */ = {isa = PBXFileReference; fileEncoding = 4; lastKnownFileType = sourcecode.c.objc; path = AFHTTPRequestOperation.m; sourceTree = "<group>"; };
		348903B61B65DD34002B9B72 /* AFHTTPRequestOperationManager.h */ = {isa = PBXFileReference; fileEncoding = 4; lastKnownFileType = sourcecode.c.h; path = AFHTTPRequestOperationManager.h; sourceTree = "<group>"; };
		348903B71B65DD34002B9B72 /* AFHTTPRequestOperationManager.m */ = {isa = PBXFileReference; fileEncoding = 4; lastKnownFileType = sourcecode.c.objc; path = AFHTTPRequestOperationManager.m; sourceTree = "<group>"; };
		348903B81B65DD34002B9B72 /* AFHTTPSessionManager.h */ = {isa = PBXFileReference; fileEncoding = 4; lastKnownFileType = sourcecode.c.h; path = AFHTTPSessionManager.h; sourceTree = "<group>"; };
		348903B91B65DD34002B9B72 /* AFHTTPSessionManager.m */ = {isa = PBXFileReference; fileEncoding = 4; lastKnownFileType = sourcecode.c.objc; path = AFHTTPSessionManager.m; sourceTree = "<group>"; };
		348903BA1B65DD34002B9B72 /* AFNetworking.h */ = {isa = PBXFileReference; fileEncoding = 4; lastKnownFileType = sourcecode.c.h; path = AFNetworking.h; sourceTree = "<group>"; };
		348903BB1B65DD34002B9B72 /* AFNetworkReachabilityManager.h */ = {isa = PBXFileReference; fileEncoding = 4; lastKnownFileType = sourcecode.c.h; path = AFNetworkReachabilityManager.h; sourceTree = "<group>"; };
		348903BC1B65DD34002B9B72 /* AFNetworkReachabilityManager.m */ = {isa = PBXFileReference; fileEncoding = 4; lastKnownFileType = sourcecode.c.objc; path = AFNetworkReachabilityManager.m; sourceTree = "<group>"; };
		348903BD1B65DD34002B9B72 /* AFSecurityPolicy.h */ = {isa = PBXFileReference; fileEncoding = 4; lastKnownFileType = sourcecode.c.h; path = AFSecurityPolicy.h; sourceTree = "<group>"; };
		348903BE1B65DD34002B9B72 /* AFSecurityPolicy.m */ = {isa = PBXFileReference; fileEncoding = 4; lastKnownFileType = sourcecode.c.objc; path = AFSecurityPolicy.m; sourceTree = "<group>"; };
		348903BF1B65DD34002B9B72 /* AFURLConnectionOperation.h */ = {isa = PBXFileReference; fileEncoding = 4; lastKnownFileType = sourcecode.c.h; path = AFURLConnectionOperation.h; sourceTree = "<group>"; };
		348903C01B65DD34002B9B72 /* AFURLConnectionOperation.m */ = {isa = PBXFileReference; fileEncoding = 4; lastKnownFileType = sourcecode.c.objc; path = AFURLConnectionOperation.m; sourceTree = "<group>"; };
		348903C11B65DD34002B9B72 /* AFURLRequestSerialization.h */ = {isa = PBXFileReference; fileEncoding = 4; lastKnownFileType = sourcecode.c.h; path = AFURLRequestSerialization.h; sourceTree = "<group>"; };
		348903C21B65DD34002B9B72 /* AFURLRequestSerialization.m */ = {isa = PBXFileReference; fileEncoding = 4; lastKnownFileType = sourcecode.c.objc; path = AFURLRequestSerialization.m; sourceTree = "<group>"; };
		348903C31B65DD34002B9B72 /* AFURLResponseSerialization.h */ = {isa = PBXFileReference; fileEncoding = 4; lastKnownFileType = sourcecode.c.h; path = AFURLResponseSerialization.h; sourceTree = "<group>"; };
		348903C41B65DD34002B9B72 /* AFURLResponseSerialization.m */ = {isa = PBXFileReference; fileEncoding = 4; lastKnownFileType = sourcecode.c.objc; path = AFURLResponseSerialization.m; sourceTree = "<group>"; };
		348903C51B65DD34002B9B72 /* AFURLSessionManager.h */ = {isa = PBXFileReference; fileEncoding = 4; lastKnownFileType = sourcecode.c.h; path = AFURLSessionManager.h; sourceTree = "<group>"; };
		348903C61B65DD34002B9B72 /* AFURLSessionManager.m */ = {isa = PBXFileReference; fileEncoding = 4; lastKnownFileType = sourcecode.c.objc; path = AFURLSessionManager.m; sourceTree = "<group>"; };
		348903D11B660277002B9B72 /* MKAnnotationView+WebCache.h */ = {isa = PBXFileReference; fileEncoding = 4; lastKnownFileType = sourcecode.c.h; path = "MKAnnotationView+WebCache.h"; sourceTree = "<group>"; };
		348903D21B660277002B9B72 /* MKAnnotationView+WebCache.m */ = {isa = PBXFileReference; fileEncoding = 4; lastKnownFileType = sourcecode.c.objc; path = "MKAnnotationView+WebCache.m"; sourceTree = "<group>"; };
		348903D31B660277002B9B72 /* NSData+ImageContentType.h */ = {isa = PBXFileReference; fileEncoding = 4; lastKnownFileType = sourcecode.c.h; path = "NSData+ImageContentType.h"; sourceTree = "<group>"; };
		348903D41B660277002B9B72 /* NSData+ImageContentType.m */ = {isa = PBXFileReference; fileEncoding = 4; lastKnownFileType = sourcecode.c.objc; path = "NSData+ImageContentType.m"; sourceTree = "<group>"; };
		348903D51B660277002B9B72 /* SDImageCache.h */ = {isa = PBXFileReference; fileEncoding = 4; lastKnownFileType = sourcecode.c.h; path = SDImageCache.h; sourceTree = "<group>"; };
		348903D61B660277002B9B72 /* SDImageCache.m */ = {isa = PBXFileReference; fileEncoding = 4; lastKnownFileType = sourcecode.c.objc; path = SDImageCache.m; sourceTree = "<group>"; };
		348903D71B660277002B9B72 /* SDWebImageCompat.h */ = {isa = PBXFileReference; fileEncoding = 4; lastKnownFileType = sourcecode.c.h; path = SDWebImageCompat.h; sourceTree = "<group>"; };
		348903D81B660277002B9B72 /* SDWebImageCompat.m */ = {isa = PBXFileReference; fileEncoding = 4; lastKnownFileType = sourcecode.c.objc; path = SDWebImageCompat.m; sourceTree = "<group>"; };
		348903D91B660277002B9B72 /* SDWebImageDecoder.h */ = {isa = PBXFileReference; fileEncoding = 4; lastKnownFileType = sourcecode.c.h; path = SDWebImageDecoder.h; sourceTree = "<group>"; };
		348903DA1B660277002B9B72 /* SDWebImageDecoder.m */ = {isa = PBXFileReference; fileEncoding = 4; lastKnownFileType = sourcecode.c.objc; path = SDWebImageDecoder.m; sourceTree = "<group>"; };
		348903DB1B660277002B9B72 /* SDWebImageDownloader.h */ = {isa = PBXFileReference; fileEncoding = 4; lastKnownFileType = sourcecode.c.h; path = SDWebImageDownloader.h; sourceTree = "<group>"; };
		348903DC1B660277002B9B72 /* SDWebImageDownloader.m */ = {isa = PBXFileReference; fileEncoding = 4; lastKnownFileType = sourcecode.c.objc; path = SDWebImageDownloader.m; sourceTree = "<group>"; };
		348903DD1B660277002B9B72 /* SDWebImageDownloaderOperation.h */ = {isa = PBXFileReference; fileEncoding = 4; lastKnownFileType = sourcecode.c.h; path = SDWebImageDownloaderOperation.h; sourceTree = "<group>"; };
		348903DE1B660277002B9B72 /* SDWebImageDownloaderOperation.m */ = {isa = PBXFileReference; fileEncoding = 4; lastKnownFileType = sourcecode.c.objc; path = SDWebImageDownloaderOperation.m; sourceTree = "<group>"; };
		348903DF1B660277002B9B72 /* SDWebImageManager.h */ = {isa = PBXFileReference; fileEncoding = 4; lastKnownFileType = sourcecode.c.h; path = SDWebImageManager.h; sourceTree = "<group>"; };
		348903E01B660277002B9B72 /* SDWebImageManager.m */ = {isa = PBXFileReference; fileEncoding = 4; lastKnownFileType = sourcecode.c.objc; path = SDWebImageManager.m; sourceTree = "<group>"; };
		348903E11B660277002B9B72 /* SDWebImageOperation.h */ = {isa = PBXFileReference; fileEncoding = 4; lastKnownFileType = sourcecode.c.h; path = SDWebImageOperation.h; sourceTree = "<group>"; };
		348903E21B660277002B9B72 /* SDWebImagePrefetcher.h */ = {isa = PBXFileReference; fileEncoding = 4; lastKnownFileType = sourcecode.c.h; path = SDWebImagePrefetcher.h; sourceTree = "<group>"; };
		348903E31B660277002B9B72 /* SDWebImagePrefetcher.m */ = {isa = PBXFileReference; fileEncoding = 4; lastKnownFileType = sourcecode.c.objc; path = SDWebImagePrefetcher.m; sourceTree = "<group>"; };
		348903E41B660277002B9B72 /* UIButton+WebCache.h */ = {isa = PBXFileReference; fileEncoding = 4; lastKnownFileType = sourcecode.c.h; path = "UIButton+WebCache.h"; sourceTree = "<group>"; };
		348903E51B660277002B9B72 /* UIButton+WebCache.m */ = {isa = PBXFileReference; fileEncoding = 4; lastKnownFileType = sourcecode.c.objc; path = "UIButton+WebCache.m"; sourceTree = "<group>"; };
		348903E61B660277002B9B72 /* UIImage+GIF.h */ = {isa = PBXFileReference; fileEncoding = 4; lastKnownFileType = sourcecode.c.h; path = "UIImage+GIF.h"; sourceTree = "<group>"; };
		348903E71B660277002B9B72 /* UIImage+GIF.m */ = {isa = PBXFileReference; fileEncoding = 4; lastKnownFileType = sourcecode.c.objc; path = "UIImage+GIF.m"; sourceTree = "<group>"; };
		348903E81B660277002B9B72 /* UIImage+MultiFormat.h */ = {isa = PBXFileReference; fileEncoding = 4; lastKnownFileType = sourcecode.c.h; path = "UIImage+MultiFormat.h"; sourceTree = "<group>"; };
		348903E91B660277002B9B72 /* UIImage+MultiFormat.m */ = {isa = PBXFileReference; fileEncoding = 4; lastKnownFileType = sourcecode.c.objc; path = "UIImage+MultiFormat.m"; sourceTree = "<group>"; };
		348903EA1B660277002B9B72 /* UIImage+WebP.h */ = {isa = PBXFileReference; fileEncoding = 4; lastKnownFileType = sourcecode.c.h; path = "UIImage+WebP.h"; sourceTree = "<group>"; };
		348903EB1B660277002B9B72 /* UIImage+WebP.m */ = {isa = PBXFileReference; fileEncoding = 4; lastKnownFileType = sourcecode.c.objc; path = "UIImage+WebP.m"; sourceTree = "<group>"; };
		348903EC1B660277002B9B72 /* UIImageView+HighlightedWebCache.h */ = {isa = PBXFileReference; fileEncoding = 4; lastKnownFileType = sourcecode.c.h; path = "UIImageView+HighlightedWebCache.h"; sourceTree = "<group>"; };
		348903ED1B660277002B9B72 /* UIImageView+HighlightedWebCache.m */ = {isa = PBXFileReference; fileEncoding = 4; lastKnownFileType = sourcecode.c.objc; path = "UIImageView+HighlightedWebCache.m"; sourceTree = "<group>"; };
		348903EE1B660277002B9B72 /* UIImageView+WebCache.h */ = {isa = PBXFileReference; fileEncoding = 4; lastKnownFileType = sourcecode.c.h; path = "UIImageView+WebCache.h"; sourceTree = "<group>"; };
		348903EF1B660277002B9B72 /* UIImageView+WebCache.m */ = {isa = PBXFileReference; fileEncoding = 4; lastKnownFileType = sourcecode.c.objc; path = "UIImageView+WebCache.m"; sourceTree = "<group>"; };
		348903F01B660277002B9B72 /* UIView+WebCacheOperation.h */ = {isa = PBXFileReference; fileEncoding = 4; lastKnownFileType = sourcecode.c.h; path = "UIView+WebCacheOperation.h"; sourceTree = "<group>"; };
		348903F11B660277002B9B72 /* UIView+WebCacheOperation.m */ = {isa = PBXFileReference; fileEncoding = 4; lastKnownFileType = sourcecode.c.objc; path = "UIView+WebCacheOperation.m"; sourceTree = "<group>"; };
		348904021B660DAC002B9B72 /* LinesLabel.h */ = {isa = PBXFileReference; fileEncoding = 4; lastKnownFileType = sourcecode.c.h; path = LinesLabel.h; sourceTree = "<group>"; };
		348904031B660DAC002B9B72 /* LinesLabel.m */ = {isa = PBXFileReference; fileEncoding = 4; lastKnownFileType = sourcecode.c.objc; path = LinesLabel.m; sourceTree = "<group>"; };
		348904051B662014002B9B72 /* AnimationButton.h */ = {isa = PBXFileReference; fileEncoding = 4; lastKnownFileType = sourcecode.c.h; path = AnimationButton.h; sourceTree = "<group>"; };
		348904061B662014002B9B72 /* AnimationButton.m */ = {isa = PBXFileReference; fileEncoding = 4; lastKnownFileType = sourcecode.c.objc; path = AnimationButton.m; sourceTree = "<group>"; };
		348904091B6620CD002B9B72 /* MCFireworksView.h */ = {isa = PBXFileReference; fileEncoding = 4; lastKnownFileType = sourcecode.c.h; path = MCFireworksView.h; sourceTree = "<group>"; };
		3489040A1B6620CD002B9B72 /* MCFireworksView.m */ = {isa = PBXFileReference; fileEncoding = 4; lastKnownFileType = sourcecode.c.objc; path = MCFireworksView.m; sourceTree = "<group>"; };
		34EA103F1B637182004FC656 /* JOKE.app */ = {isa = PBXFileReference; explicitFileType = wrapper.application; includeInIndex = 0; path = JOKE.app; sourceTree = BUILT_PRODUCTS_DIR; };
		34EA10431B637182004FC656 /* Info.plist */ = {isa = PBXFileReference; lastKnownFileType = text.plist.xml; path = Info.plist; sourceTree = "<group>"; };
		34EA10441B637182004FC656 /* main.m */ = {isa = PBXFileReference; lastKnownFileType = sourcecode.c.objc; path = main.m; sourceTree = "<group>"; };
		34EA10461B637182004FC656 /* AppDelegate.h */ = {isa = PBXFileReference; lastKnownFileType = sourcecode.c.h; path = AppDelegate.h; sourceTree = "<group>"; };
		34EA10471B637182004FC656 /* AppDelegate.m */ = {isa = PBXFileReference; lastKnownFileType = sourcecode.c.objc; path = AppDelegate.m; sourceTree = "<group>"; };
		34EA104A1B637182004FC656 /* JOKE.xcdatamodel */ = {isa = PBXFileReference; lastKnownFileType = wrapper.xcdatamodel; path = JOKE.xcdatamodel; sourceTree = "<group>"; };
		34EA104C1B637182004FC656 /* ViewController.h */ = {isa = PBXFileReference; lastKnownFileType = sourcecode.c.h; path = ViewController.h; sourceTree = "<group>"; };
		34EA104D1B637182004FC656 /* ViewController.m */ = {isa = PBXFileReference; lastKnownFileType = sourcecode.c.objc; path = ViewController.m; sourceTree = "<group>"; };
		34EA10501B637182004FC656 /* Base */ = {isa = PBXFileReference; lastKnownFileType = file.storyboard; name = Base; path = Base.lproj/Main.storyboard; sourceTree = "<group>"; };
		34EA10521B637182004FC656 /* Images.xcassets */ = {isa = PBXFileReference; lastKnownFileType = folder.assetcatalog; path = Images.xcassets; sourceTree = "<group>"; };
		34EA10551B637182004FC656 /* Base */ = {isa = PBXFileReference; lastKnownFileType = file.xib; name = Base; path = Base.lproj/LaunchScreen.xib; sourceTree = "<group>"; };
		34EA105B1B637182004FC656 /* JOKETests.xctest */ = {isa = PBXFileReference; explicitFileType = wrapper.cfbundle; includeInIndex = 0; path = JOKETests.xctest; sourceTree = BUILT_PRODUCTS_DIR; };
		34EA10601B637182004FC656 /* Info.plist */ = {isa = PBXFileReference; lastKnownFileType = text.plist.xml; path = Info.plist; sourceTree = "<group>"; };
		34EA10611B637182004FC656 /* JOKETests.m */ = {isa = PBXFileReference; lastKnownFileType = sourcecode.c.objc; path = JOKETests.m; sourceTree = "<group>"; };
/* End PBXFileReference section */

/* Begin PBXFrameworksBuildPhase section */
		34EA103C1B637182004FC656 /* Frameworks */ = {
			isa = PBXFrameworksBuildPhase;
			buildActionMask = 2147483647;
			files = (
			);
			runOnlyForDeploymentPostprocessing = 0;
		};
		34EA10581B637182004FC656 /* Frameworks */ = {
			isa = PBXFrameworksBuildPhase;
			buildActionMask = 2147483647;
			files = (
			);
			runOnlyForDeploymentPostprocessing = 0;
		};
/* End PBXFrameworksBuildPhase section */

/* Begin PBXGroup section */
		3489038D1B65D205002B9B72 /* Helpers */ = {
			isa = PBXGroup;
			children = (
				348904021B660DAC002B9B72 /* LinesLabel.h */,
				348904031B660DAC002B9B72 /* LinesLabel.m */,
				348903D01B660277002B9B72 /* SDWebImage第三方下载图片 */,
				348903B31B65DD34002B9B72 /* AFNetworking */,
			);
			name = Helpers;
			sourceTree = "<group>";
		};
		3489038E1B65D217002B9B72 /* General */ = {
			isa = PBXGroup;
			children = (
				348904081B6620AF002B9B72 /* AnimationButton */,
				348903901B65D263002B9B72 /* JokeCell.h */,
				348903911B65D263002B9B72 /* JokeCell.m */,
				348903B01B65D921002B9B72 /* JokeModel.h */,
				348903B11B65D921002B9B72 /* JokeModel.m */,
			);
			name = General;
			sourceTree = "<group>";
		};
		3489038F1B65D222002B9B72 /* Sections */ = {
			isa = PBXGroup;
			children = (
			);
			name = Sections;
			sourceTree = "<group>";
		};
		348903B31B65DD34002B9B72 /* AFNetworking */ = {
			isa = PBXGroup;
			children = (
				348903B41B65DD34002B9B72 /* AFHTTPRequestOperation.h */,
				348903B51B65DD34002B9B72 /* AFHTTPRequestOperation.m */,
				348903B61B65DD34002B9B72 /* AFHTTPRequestOperationManager.h */,
				348903B71B65DD34002B9B72 /* AFHTTPRequestOperationManager.m */,
				348903B81B65DD34002B9B72 /* AFHTTPSessionManager.h */,
				348903B91B65DD34002B9B72 /* AFHTTPSessionManager.m */,
				348903BA1B65DD34002B9B72 /* AFNetworking.h */,
				348903BB1B65DD34002B9B72 /* AFNetworkReachabilityManager.h */,
				348903BC1B65DD34002B9B72 /* AFNetworkReachabilityManager.m */,
				348903BD1B65DD34002B9B72 /* AFSecurityPolicy.h */,
				348903BE1B65DD34002B9B72 /* AFSecurityPolicy.m */,
				348903BF1B65DD34002B9B72 /* AFURLConnectionOperation.h */,
				348903C01B65DD34002B9B72 /* AFURLConnectionOperation.m */,
				348903C11B65DD34002B9B72 /* AFURLRequestSerialization.h */,
				348903C21B65DD34002B9B72 /* AFURLRequestSerialization.m */,
				348903C31B65DD34002B9B72 /* AFURLResponseSerialization.h */,
				348903C41B65DD34002B9B72 /* AFURLResponseSerialization.m */,
				348903C51B65DD34002B9B72 /* AFURLSessionManager.h */,
				348903C61B65DD34002B9B72 /* AFURLSessionManager.m */,
			);
			path = AFNetworking;
			sourceTree = "<group>";
		};
		348903D01B660277002B9B72 /* SDWebImage第三方下载图片 */ = {
			isa = PBXGroup;
			children = (
				348903D11B660277002B9B72 /* MKAnnotationView+WebCache.h */,
				348903D21B660277002B9B72 /* MKAnnotationView+WebCache.m */,
				348903D31B660277002B9B72 /* NSData+ImageContentType.h */,
				348903D41B660277002B9B72 /* NSData+ImageContentType.m */,
				348903D51B660277002B9B72 /* SDImageCache.h */,
				348903D61B660277002B9B72 /* SDImageCache.m */,
				348903D71B660277002B9B72 /* SDWebImageCompat.h */,
				348903D81B660277002B9B72 /* SDWebImageCompat.m */,
				348903D91B660277002B9B72 /* SDWebImageDecoder.h */,
				348903DA1B660277002B9B72 /* SDWebImageDecoder.m */,
				348903DB1B660277002B9B72 /* SDWebImageDownloader.h */,
				348903DC1B660277002B9B72 /* SDWebImageDownloader.m */,
				348903DD1B660277002B9B72 /* SDWebImageDownloaderOperation.h */,
				348903DE1B660277002B9B72 /* SDWebImageDownloaderOperation.m */,
				348903DF1B660277002B9B72 /* SDWebImageManager.h */,
				348903E01B660277002B9B72 /* SDWebImageManager.m */,
				348903E11B660277002B9B72 /* SDWebImageOperation.h */,
				348903E21B660277002B9B72 /* SDWebImagePrefetcher.h */,
				348903E31B660277002B9B72 /* SDWebImagePrefetcher.m */,
				348903E41B660277002B9B72 /* UIButton+WebCache.h */,
				348903E51B660277002B9B72 /* UIButton+WebCache.m */,
				348903E61B660277002B9B72 /* UIImage+GIF.h */,
				348903E71B660277002B9B72 /* UIImage+GIF.m */,
				348903E81B660277002B9B72 /* UIImage+MultiFormat.h */,
				348903E91B660277002B9B72 /* UIImage+MultiFormat.m */,
				348903EA1B660277002B9B72 /* UIImage+WebP.h */,
				348903EB1B660277002B9B72 /* UIImage+WebP.m */,
				348903EC1B660277002B9B72 /* UIImageView+HighlightedWebCache.h */,
				348903ED1B660277002B9B72 /* UIImageView+HighlightedWebCache.m */,
				348903EE1B660277002B9B72 /* UIImageView+WebCache.h */,
				348903EF1B660277002B9B72 /* UIImageView+WebCache.m */,
				348903F01B660277002B9B72 /* UIView+WebCacheOperation.h */,
				348903F11B660277002B9B72 /* UIView+WebCacheOperation.m */,
			);
			path = "SDWebImage第三方下载图片";
			sourceTree = "<group>";
		};
		348904081B6620AF002B9B72 /* AnimationButton */ = {
			isa = PBXGroup;
			children = (
				348904051B662014002B9B72 /* AnimationButton.h */,
				348904061B662014002B9B72 /* AnimationButton.m */,
				348904091B6620CD002B9B72 /* MCFireworksView.h */,
				3489040A1B6620CD002B9B72 /* MCFireworksView.m */,
			);
			name = AnimationButton;
			sourceTree = "<group>";
		};
		34EA10361B637182004FC656 = {
			isa = PBXGroup;
			children = (
				34EA10411B637182004FC656 /* JOKE */,
				34EA105E1B637182004FC656 /* JOKETests */,
				34EA10401B637182004FC656 /* Products */,
			);
			sourceTree = "<group>";
		};
		34EA10401B637182004FC656 /* Products */ = {
			isa = PBXGroup;
			children = (
				34EA103F1B637182004FC656 /* JOKE.app */,
				34EA105B1B637182004FC656 /* JOKETests.xctest */,
			);
			name = Products;
			sourceTree = "<group>";
		};
		34EA10411B637182004FC656 /* JOKE */ = {
			isa = PBXGroup;
			children = (
				3489038F1B65D222002B9B72 /* Sections */,
				3489038E1B65D217002B9B72 /* General */,
				3489038D1B65D205002B9B72 /* Helpers */,
				34EA10461B637182004FC656 /* AppDelegate.h */,
				34EA10471B637182004FC656 /* AppDelegate.m */,
				34EA104C1B637182004FC656 /* ViewController.h */,
				34EA104D1B637182004FC656 /* ViewController.m */,
				34EA104F1B637182004FC656 /* Main.storyboard */,
				34EA10521B637182004FC656 /* Images.xcassets */,
				34EA10541B637182004FC656 /* LaunchScreen.xib */,
				34EA10491B637182004FC656 /* JOKE.xcdatamodeld */,
				34EA10421B637182004FC656 /* Supporting Files */,
			);
			path = JOKE;
			sourceTree = "<group>";
		};
		34EA10421B637182004FC656 /* Supporting Files */ = {
			isa = PBXGroup;
			children = (
				34EA10431B637182004FC656 /* Info.plist */,
				34EA10441B637182004FC656 /* main.m */,
			);
			name = "Supporting Files";
			sourceTree = "<group>";
		};
		34EA105E1B637182004FC656 /* JOKETests */ = {
			isa = PBXGroup;
			children = (
				34EA10611B637182004FC656 /* JOKETests.m */,
				34EA105F1B637182004FC656 /* Supporting Files */,
			);
			path = JOKETests;
			sourceTree = "<group>";
		};
		34EA105F1B637182004FC656 /* Supporting Files */ = {
			isa = PBXGroup;
			children = (
				34EA10601B637182004FC656 /* Info.plist */,
			);
			name = "Supporting Files";
			sourceTree = "<group>";
		};
/* End PBXGroup section */

/* Begin PBXNativeTarget section */
		34EA103E1B637182004FC656 /* JOKE */ = {
			isa = PBXNativeTarget;
			buildConfigurationList = 34EA10651B637182004FC656 /* Build configuration list for PBXNativeTarget "JOKE" */;
			buildPhases = (
				34EA103B1B637182004FC656 /* Sources */,
				34EA103C1B637182004FC656 /* Frameworks */,
				34EA103D1B637182004FC656 /* Resources */,
			);
			buildRules = (
			);
			dependencies = (
			);
			name = JOKE;
			productName = JOKE;
			productReference = 34EA103F1B637182004FC656 /* JOKE.app */;
			productType = "com.apple.product-type.application";
		};
		34EA105A1B637182004FC656 /* JOKETests */ = {
			isa = PBXNativeTarget;
			buildConfigurationList = 34EA10681B637182004FC656 /* Build configuration list for PBXNativeTarget "JOKETests" */;
			buildPhases = (
				34EA10571B637182004FC656 /* Sources */,
				34EA10581B637182004FC656 /* Frameworks */,
				34EA10591B637182004FC656 /* Resources */,
			);
			buildRules = (
			);
			dependencies = (
				34EA105D1B637182004FC656 /* PBXTargetDependency */,
			);
			name = JOKETests;
			productName = JOKETests;
			productReference = 34EA105B1B637182004FC656 /* JOKETests.xctest */;
			productType = "com.apple.product-type.bundle.unit-test";
		};
/* End PBXNativeTarget section */

/* Begin PBXProject section */
		34EA10371B637182004FC656 /* Project object */ = {
			isa = PBXProject;
			attributes = {
				LastUpgradeCheck = 0610;
				ORGANIZATIONNAME = "ACE--赵肖杰";
				TargetAttributes = {
					34EA103E1B637182004FC656 = {
						CreatedOnToolsVersion = 6.1;
					};
					34EA105A1B637182004FC656 = {
						CreatedOnToolsVersion = 6.1;
						TestTargetID = 34EA103E1B637182004FC656;
					};
				};
			};
			buildConfigurationList = 34EA103A1B637182004FC656 /* Build configuration list for PBXProject "JOKE" */;
			compatibilityVersion = "Xcode 3.2";
			developmentRegion = English;
			hasScannedForEncodings = 0;
			knownRegions = (
				en,
				Base,
			);
			mainGroup = 34EA10361B637182004FC656;
			productRefGroup = 34EA10401B637182004FC656 /* Products */;
			projectDirPath = "";
			projectRoot = "";
			targets = (
				34EA103E1B637182004FC656 /* JOKE */,
				34EA105A1B637182004FC656 /* JOKETests */,
			);
		};
/* End PBXProject section */

/* Begin PBXResourcesBuildPhase section */
		34EA103D1B637182004FC656 /* Resources */ = {
			isa = PBXResourcesBuildPhase;
			buildActionMask = 2147483647;
			files = (
				34EA10511B637182004FC656 /* Main.storyboard in Resources */,
				34EA10561B637182004FC656 /* LaunchScreen.xib in Resources */,
				34EA10531B637182004FC656 /* Images.xcassets in Resources */,
			);
			runOnlyForDeploymentPostprocessing = 0;
		};
		34EA10591B637182004FC656 /* Resources */ = {
			isa = PBXResourcesBuildPhase;
			buildActionMask = 2147483647;
			files = (
			);
			runOnlyForDeploymentPostprocessing = 0;
		};
/* End PBXResourcesBuildPhase section */

/* Begin PBXSourcesBuildPhase section */
		34EA103B1B637182004FC656 /* Sources */ = {
			isa = PBXSourcesBuildPhase;
			buildActionMask = 2147483647;
			files = (
				348903FC1B660277002B9B72 /* UIImage+GIF.m in Sources */,
				348903F91B660277002B9B72 /* SDWebImageManager.m in Sources */,
				348904041B660DAC002B9B72 /* LinesLabel.m in Sources */,
				348904001B660277002B9B72 /* UIImageView+WebCache.m in Sources */,
				348903F81B660277002B9B72 /* SDWebImageDownloaderOperation.m in Sources */,
				348903CF1B65DD34002B9B72 /* AFURLSessionManager.m in Sources */,
				348903F41B660277002B9B72 /* SDImageCache.m in Sources */,
				348903F21B660277002B9B72 /* MKAnnotationView+WebCache.m in Sources */,
				348903B21B65D921002B9B72 /* JokeModel.m in Sources */,
				348903FD1B660277002B9B72 /* UIImage+MultiFormat.m in Sources */,
				34EA10481B637182004FC656 /* AppDelegate.m in Sources */,
				348903CA1B65DD34002B9B72 /* AFNetworkReachabilityManager.m in Sources */,
				348904011B660277002B9B72 /* UIView+WebCacheOperation.m in Sources */,
				348903921B65D263002B9B72 /* JokeCell.m in Sources */,
				348903FE1B660277002B9B72 /* UIImage+WebP.m in Sources */,
				348903FA1B660277002B9B72 /* SDWebImagePrefetcher.m in Sources */,
				348903CC1B65DD34002B9B72 /* AFURLConnectionOperation.m in Sources */,
				348903C91B65DD34002B9B72 /* AFHTTPSessionManager.m in Sources */,
				348903CD1B65DD34002B9B72 /* AFURLRequestSerialization.m in Sources */,
				348903F51B660277002B9B72 /* SDWebImageCompat.m in Sources */,
				348904071B662014002B9B72 /* AnimationButton.m in Sources */,
				348903F31B660277002B9B72 /* NSData+ImageContentType.m in Sources */,
				348903F61B660277002B9B72 /* SDWebImageDecoder.m in Sources */,
				34EA104B1B637182004FC656 /* JOKE.xcdatamodeld in Sources */,
				348903FF1B660277002B9B72 /* UIImageView+HighlightedWebCache.m in Sources */,
				348903FB1B660277002B9B72 /* UIButton+WebCache.m in Sources */,
				34EA104E1B637182004FC656 /* ViewController.m in Sources */,
				34EA10451B637182004FC656 /* main.m in Sources */,
				348903C81B65DD34002B9B72 /* AFHTTPRequestOperationManager.m in Sources */,
				348903CB1B65DD34002B9B72 /* AFSecurityPolicy.m in Sources */,
				348903CE1B65DD34002B9B72 /* AFURLResponseSerialization.m in Sources */,
				348903F71B660277002B9B72 /* SDWebImageDownloader.m in Sources */,
				348903C71B65DD34002B9B72 /* AFHTTPRequestOperation.m in Sources */,
				3489040B1B6620CD002B9B72 /* MCFireworksView.m in Sources */,
			);
			runOnlyForDeploymentPostprocessing = 0;
		};
		34EA10571B637182004FC656 /* Sources */ = {
			isa = PBXSourcesBuildPhase;
			buildActionMask = 2147483647;
			files = (
				34EA10621B637182004FC656 /* JOKETests.m in Sources */,
			);
			runOnlyForDeploymentPostprocessing = 0;
		};
/* End PBXSourcesBuildPhase section */

/* Begin PBXTargetDependency section */
		34EA105D1B637182004FC656 /* PBXTargetDependency */ = {
			isa = PBXTargetDependency;
			target = 34EA103E1B637182004FC656 /* JOKE */;
			targetProxy = 34EA105C1B637182004FC656 /* PBXContainerItemProxy */;
		};
/* End PBXTargetDependency section */

/* Begin PBXVariantGroup section */
		34EA104F1B637182004FC656 /* Main.storyboard */ = {
			isa = PBXVariantGroup;
			children = (
				34EA10501B637182004FC656 /* Base */,
			);
			name = Main.storyboard;
			sourceTree = "<group>";
		};
		34EA10541B637182004FC656 /* LaunchScreen.xib */ = {
			isa = PBXVariantGroup;
			children = (
				34EA10551B637182004FC656 /* Base */,
			);
			name = LaunchScreen.xib;
			sourceTree = "<group>";
		};
/* End PBXVariantGroup section */

/* Begin XCBuildConfiguration section */
		34EA10631B637182004FC656 /* Debug */ = {
			isa = XCBuildConfiguration;
			buildSettings = {
				ALWAYS_SEARCH_USER_PATHS = NO;
				CLANG_CXX_LANGUAGE_STANDARD = "gnu++0x";
				CLANG_CXX_LIBRARY = "libc++";
				CLANG_ENABLE_MODULES = YES;
				CLANG_ENABLE_OBJC_ARC = YES;
				CLANG_WARN_BOOL_CONVERSION = YES;
				CLANG_WARN_CONSTANT_CONVERSION = YES;
				CLANG_WARN_DIRECT_OBJC_ISA_USAGE = YES_ERROR;
				CLANG_WARN_EMPTY_BODY = YES;
				CLANG_WARN_ENUM_CONVERSION = YES;
				CLANG_WARN_INT_CONVERSION = YES;
				CLANG_WARN_OBJC_ROOT_CLASS = YES_ERROR;
				CLANG_WARN_UNREACHABLE_CODE = YES;
				CLANG_WARN__DUPLICATE_METHOD_MATCH = YES;
				"CODE_SIGN_IDENTITY[sdk=iphoneos*]" = "iPhone Developer";
				COPY_PHASE_STRIP = NO;
				ENABLE_STRICT_OBJC_MSGSEND = YES;
				GCC_C_LANGUAGE_STANDARD = gnu99;
				GCC_DYNAMIC_NO_PIC = NO;
				GCC_OPTIMIZATION_LEVEL = 0;
				GCC_PREPROCESSOR_DEFINITIONS = (
					"DEBUG=1",
					"$(inherited)",
				);
				GCC_SYMBOLS_PRIVATE_EXTERN = NO;
				GCC_WARN_64_TO_32_BIT_CONVERSION = YES;
				GCC_WARN_ABOUT_RETURN_TYPE = YES_ERROR;
				GCC_WARN_UNDECLARED_SELECTOR = YES;
				GCC_WARN_UNINITIALIZED_AUTOS = YES_AGGRESSIVE;
				GCC_WARN_UNUSED_FUNCTION = YES;
				GCC_WARN_UNUSED_VARIABLE = YES;
				IPHONEOS_DEPLOYMENT_TARGET = 8.1;
				MTL_ENABLE_DEBUG_INFO = YES;
				ONLY_ACTIVE_ARCH = YES;
				SDKROOT = iphoneos;
			};
			name = Debug;
		};
		34EA10641B637182004FC656 /* Release */ = {
			isa = XCBuildConfiguration;
			buildSettings = {
				ALWAYS_SEARCH_USER_PATHS = NO;
				CLANG_CXX_LANGUAGE_STANDARD = "gnu++0x";
				CLANG_CXX_LIBRARY = "libc++";
				CLANG_ENABLE_MODULES = YES;
				CLANG_ENABLE_OBJC_ARC = YES;
				CLANG_WARN_BOOL_CONVERSION = YES;
				CLANG_WARN_CONSTANT_CONVERSION = YES;
				CLANG_WARN_DIRECT_OBJC_ISA_USAGE = YES_ERROR;
				CLANG_WARN_EMPTY_BODY = YES;
				CLANG_WARN_ENUM_CONVERSION = YES;
				CLANG_WARN_INT_CONVERSION = YES;
				CLANG_WARN_OBJC_ROOT_CLASS = YES_ERROR;
				CLANG_WARN_UNREACHABLE_CODE = YES;
				CLANG_WARN__DUPLICATE_METHOD_MATCH = YES;
				"CODE_SIGN_IDENTITY[sdk=iphoneos*]" = "iPhone Developer";
				COPY_PHASE_STRIP = YES;
				ENABLE_NS_ASSERTIONS = NO;
				ENABLE_STRICT_OBJC_MSGSEND = YES;
				GCC_C_LANGUAGE_STANDARD = gnu99;
				GCC_WARN_64_TO_32_BIT_CONVERSION = YES;
				GCC_WARN_ABOUT_RETURN_TYPE = YES_ERROR;
				GCC_WARN_UNDECLARED_SELECTOR = YES;
				GCC_WARN_UNINITIALIZED_AUTOS = YES_AGGRESSIVE;
				GCC_WARN_UNUSED_FUNCTION = YES;
				GCC_WARN_UNUSED_VARIABLE = YES;
				IPHONEOS_DEPLOYMENT_TARGET = 8.1;
				MTL_ENABLE_DEBUG_INFO = NO;
				SDKROOT = iphoneos;
				VALIDATE_PRODUCT = YES;
			};
			name = Release;
		};
		34EA10661B637182004FC656 /* Debug */ = {
			isa = XCBuildConfiguration;
			buildSettings = {
				ASSETCATALOG_COMPILER_APPICON_NAME = AppIcon;
				INFOPLIST_FILE = JOKE/Info.plist;
				LD_RUNPATH_SEARCH_PATHS = "$(inherited) @executable_path/Frameworks";
				PRODUCT_NAME = "$(TARGET_NAME)";
			};
			name = Debug;
		};
		34EA10671B637182004FC656 /* Release */ = {
			isa = XCBuildConfiguration;
			buildSettings = {
				ASSETCATALOG_COMPILER_APPICON_NAME = AppIcon;
				INFOPLIST_FILE = JOKE/Info.plist;
				LD_RUNPATH_SEARCH_PATHS = "$(inherited) @executable_path/Frameworks";
				PRODUCT_NAME = "$(TARGET_NAME)";
			};
			name = Release;
		};
		34EA10691B637182004FC656 /* Debug */ = {
			isa = XCBuildConfiguration;
			buildSettings = {
				BUNDLE_LOADER = "$(TEST_HOST)";
				FRAMEWORK_SEARCH_PATHS = (
					"$(SDKROOT)/Developer/Library/Frameworks",
					"$(inherited)",
				);
				GCC_PREPROCESSOR_DEFINITIONS = (
					"DEBUG=1",
					"$(inherited)",
				);
				INFOPLIST_FILE = JOKETests/Info.plist;
				LD_RUNPATH_SEARCH_PATHS = "$(inherited) @executable_path/Frameworks @loader_path/Frameworks";
				PRODUCT_NAME = "$(TARGET_NAME)";
				TEST_HOST = "$(BUILT_PRODUCTS_DIR)/JOKE.app/JOKE";
			};
			name = Debug;
		};
		34EA106A1B637182004FC656 /* Release */ = {
			isa = XCBuildConfiguration;
			buildSettings = {
				BUNDLE_LOADER = "$(TEST_HOST)";
				FRAMEWORK_SEARCH_PATHS = (
					"$(SDKROOT)/Developer/Library/Frameworks",
					"$(inherited)",
				);
				INFOPLIST_FILE = JOKETests/Info.plist;
				LD_RUNPATH_SEARCH_PATHS = "$(inherited) @executable_path/Frameworks @loader_path/Frameworks";
				PRODUCT_NAME = "$(TARGET_NAME)";
				TEST_HOST = "$(BUILT_PRODUCTS_DIR)/JOKE.app/JOKE";
			};
			name = Release;
		};
/* End XCBuildConfiguration section */

/* Begin XCConfigurationList section */
		34EA103A1B637182004FC656 /* Build configuration list for PBXProject "JOKE" */ = {
			isa = XCConfigurationList;
			buildConfigurations = (
				34EA10631B637182004FC656 /* Debug */,
				34EA10641B637182004FC656 /* Release */,
			);
			defaultConfigurationIsVisible = 0;
			defaultConfigurationName = Release;
		};
		34EA10651B637182004FC656 /* Build configuration list for PBXNativeTarget "JOKE" */ = {
			isa = XCConfigurationList;
			buildConfigurations = (
				34EA10661B637182004FC656 /* Debug */,
				34EA10671B637182004FC656 /* Release */,
			);
			defaultConfigurationIsVisible = 0;
			defaultConfigurationName = Release;
		};
		34EA10681B637182004FC656 /* Build configuration list for PBXNativeTarget "JOKETests" */ = {
			isa = XCConfigurationList;
			buildConfigurations = (
				34EA10691B637182004FC656 /* Debug */,
				34EA106A1B637182004FC656 /* Release */,
			);
			defaultConfigurationIsVisible = 0;
			defaultConfigurationName = Release;
		};
/* End XCConfigurationList section */

/* Begin XCVersionGroup section */
		34EA10491B637182004FC656 /* JOKE.xcdatamodeld */ = {
			isa = XCVersionGroup;
			children = (
				34EA104A1B637182004FC656 /* JOKE.xcdatamodel */,
			);
			currentVersion = 34EA104A1B637182004FC656 /* JOKE.xcdatamodel */;
			path = JOKE.xcdatamodeld;
			sourceTree = "<group>";
			versionGroupType = wrapper.xcdatamodel;
		};
/* End XCVersionGroup section */
	};
	rootObject = 34EA10371B637182004FC656 /* Project object */;
}
